
Microsoft Visual Studio Solution File, Format Version 12.00
# Visual Studio 15
VisualStudioVersion = 15.0.27428.2002
MinimumVisualStudioVersion = 10.0.40219.1
Project("{FAE04EC0-301F-11D3-BF4B-00C04F79EFBC}") = "ChillPlayer.Android", "ChillPlayer.Android\ChillPlayer.Android.csproj", "{A5E67249-2ECC-4938-9EBE-028C152D6FBE}"
EndProject
Project("{FAE04EC0-301F-11D3-BF4B-00C04F79EFBC}") = "ChillPlayer.iOS", "ChillPlayer.iOS\ChillPlayer.iOS.csproj", "{E9DD985A-C71C-4F10-B323-133D3F66C581}"
EndProject
Project("{FAE04EC0-301F-11D3-BF4B-00C04F79EFBC}") = "ChillPlayer.UWP", "ChillPlayer.UWP\ChillPlayer.UWP.csproj", "{73BBD527-AE75-4A23-B8C1-EE6A202C6415}"
EndProject
Project("{FAE04EC0-301F-11D3-BF4B-00C04F79EFBC}") = "ChillPlayer", "ChillPlayer\ChillPlayer.csproj", "{21D378CA-7E46-4DA2-82F4-E71F3F747CD3}"
EndProject
Global
	GlobalSection(SolutionConfigurationPlatforms) = preSolution
		Ad-Hoc|Any CPU = Ad-Hoc|Any CPU
		Ad-Hoc|ARM = Ad-Hoc|ARM
		Ad-Hoc|iPhone = Ad-Hoc|iPhone
		Ad-Hoc|iPhoneSimulator = Ad-Hoc|iPhoneSimulator
		Ad-Hoc|x64 = Ad-Hoc|x64
		Ad-Hoc|x86 = Ad-Hoc|x86
		AppStore|Any CPU = AppStore|Any CPU
		AppStore|ARM = AppStore|ARM
		AppStore|iPhone = AppStore|iPhone
		AppStore|iPhoneSimulator = AppStore|iPhoneSimulator
		AppStore|x64 = AppStore|x64
		AppStore|x86 = AppStore|x86
		Debug|Any CPU = Debug|Any CPU
		Debug|ARM = Debug|ARM
		Debug|iPhone = Debug|iPhone
		Debug|iPhoneSimulator = Debug|iPhoneSimulator
		Debug|x64 = Debug|x64
		Debug|x86 = Debug|x86
		Release|Any CPU = Release|Any CPU
		Release|ARM = Release|ARM
		Release|iPhone = Release|iPhone
		Release|iPhoneSimulator = Release|iPhoneSimulator
		Release|x64 = Release|x64
		Release|x86 = Release|x86
	EndGlobalSection
	GlobalSection(ProjectConfigurationPlatforms) = postSolution
		{A5E67249-2ECC-4938-9EBE-028C152D6FBE}.Ad-Hoc|Any CPU.ActiveCfg = Release|Any CPU
		{A5E67249-2ECC-4938-9EBE-028C152D6FBE}.Ad-Hoc|Any CPU.Build.0 = Release|Any CPU
		{A5E67249-2ECC-4938-9EBE-028C152D6FBE}.Ad-Hoc|Any CPU.Deploy.0 = Release|Any CPU
		{A5E67249-2ECC-4938-9EBE-028C152D6FBE}.Ad-Hoc|ARM.ActiveCfg = Release|Any CPU
		{A5E67249-2ECC-4938-9EBE-028C152D6FBE}.Ad-Hoc|ARM.Build.0 = Release|Any CPU
		{A5E67249-2ECC-4938-9EBE-028C152D6FBE}.Ad-Hoc|ARM.Deploy.0 = Release|Any CPU
		{A5E67249-2ECC-4938-9EBE-028C152D6FBE}.Ad-Hoc|iPhone.ActiveCfg = Release|Any CPU
		{A5E67249-2ECC-4938-9EBE-028C152D6FBE}.Ad-Hoc|iPhone.Build.0 = Release|Any CPU
		{A5E67249-2ECC-4938-9EBE-028C152D6FBE}.Ad-Hoc|iPhone.Deploy.0 = Release|Any CPU
		{A5E67249-2ECC-4938-9EBE-028C152D6FBE}.Ad-Hoc|iPhoneSimulator.ActiveCfg = Release|Any CPU
		{A5E67249-2ECC-4938-9EBE-028C152D6FBE}.Ad-Hoc|iPhoneSimulator.Build.0 = Release|Any CPU
		{A5E67249-2ECC-4938-9EBE-028C152D6FBE}.Ad-Hoc|iPhoneSimulator.Deploy.0 = Release|Any CPU
		{A5E67249-2ECC-4938-9EBE-028C152D6FBE}.Ad-Hoc|x64.ActiveCfg = Release|Any CPU
		{A5E67249-2ECC-4938-9EBE-028C152D6FBE}.Ad-Hoc|x64.Build.0 = Release|Any CPU
		{A5E67249-2ECC-4938-9EBE-028C152D6FBE}.Ad-Hoc|x64.Deploy.0 = Release|Any CPU
		{A5E67249-2ECC-4938-9EBE-028C152D6FBE}.Ad-Hoc|x86.ActiveCfg = Release|Any CPU
		{A5E67249-2ECC-4938-9EBE-028C152D6FBE}.Ad-Hoc|x86.Build.0 = Release|Any CPU
		{A5E67249-2ECC-4938-9EBE-028C152D6FBE}.Ad-Hoc|x86.Deploy.0 = Release|Any CPU
		{A5E67249-2ECC-4938-9EBE-028C152D6FBE}.AppStore|Any CPU.ActiveCfg = Release|Any CPU
		{A5E67249-2ECC-4938-9EBE-028C152D6FBE}.AppStore|Any CPU.Build.0 = Release|Any CPU
		{A5E67249-2ECC-4938-9EBE-028C152D6FBE}.AppStore|Any CPU.Deploy.0 = Release|Any CPU
		{A5E67249-2ECC-4938-9EBE-028C152D6FBE}.AppStore|ARM.ActiveCfg = Release|Any CPU
		{A5E67249-2ECC-4938-9EBE-028C152D6FBE}.AppStore|ARM.Build.0 = Release|Any CPU
		{A5E67249-2ECC-4938-9EBE-028C152D6FBE}.AppStore|ARM.Deploy.0 = Release|Any CPU
		{A5E67249-2ECC-4938-9EBE-028C152D6FBE}.AppStore|iPhone.ActiveCfg = Release|Any CPU
		{A5E67249-2ECC-4938-9EBE-028C152D6FBE}.AppStore|iPhone.Build.0 = Release|Any CPU
		{A5E67249-2ECC-4938-9EBE-028C152D6FBE}.AppStore|iPhone.Deploy.0 = Release|Any CPU
		{A5E67249-2ECC-4938-9EBE-028C152D6FBE}.AppStore|iPhoneSimulator.ActiveCfg = Release|Any CPU
		{A5E67249-2ECC-4938-9EBE-028C152D6FBE}.AppStore|iPhoneSimulator.Build.0 = Release|Any CPU
		{A5E67249-2ECC-4938-9EBE-028C152D6FBE}.AppStore|iPhoneSimulator.Deploy.0 = Release|Any CPU
		{A5E67249-2ECC-4938-9EBE-028C152D6FBE}.AppStore|x64.ActiveCfg = Release|Any CPU
		{A5E67249-2ECC-4938-9EBE-028C152D6FBE}.AppStore|x64.Build.0 = Release|Any CPU
		{A5E67249-2ECC-4938-9EBE-028C152D6FBE}.AppStore|x64.Deploy.0 = Release|Any CPU
		{A5E67249-2ECC-4938-9EBE-028C152D6FBE}.AppStore|x86.ActiveCfg = Release|Any CPU
		{A5E67249-2ECC-4938-9EBE-028C152D6FBE}.AppStore|x86.Build.0 = Release|Any CPU
		{A5E67249-2ECC-4938-9EBE-028C152D6FBE}.AppStore|x86.Deploy.0 = Release|Any CPU
		{A5E67249-2ECC-4938-9EBE-028C152D6FBE}.Debug|Any CPU.ActiveCfg = Debug|Any CPU
		{A5E67249-2ECC-4938-9EBE-028C152D6FBE}.Debug|Any CPU.Build.0 = Debug|Any CPU
		{A5E67249-2ECC-4938-9EBE-028C152D6FBE}.Debug|Any CPU.Deploy.0 = Debug|Any CPU
		{A5E67249-2ECC-4938-9EBE-028C152D6FBE}.Debug|ARM.ActiveCfg = Debug|Any CPU
		{A5E67249-2ECC-4938-9EBE-028C152D6FBE}.Debug|ARM.Build.0 = Debug|Any CPU
		{A5E67249-2ECC-4938-9EBE-028C152D6FBE}.Debug|ARM.Deploy.0 = Debug|Any CPU
		{A5E67249-2ECC-4938-9EBE-028C152D6FBE}.Debug|iPhone.ActiveCfg = Debug|Any CPU
		{A5E67249-2ECC-4938-9EBE-028C152D6FBE}.Debug|iPhone.Build.0 = Debug|Any CPU
		{A5E67249-2ECC-4938-9EBE-028C152D6FBE}.Debug|iPhone.Deploy.0 = Debug|Any CPU
		{A5E67249-2ECC-4938-9EBE-028C152D6FBE}.Debug|iPhoneSimulator.ActiveCfg = Debug|Any CPU
		{A5E67249-2ECC-4938-9EBE-028C152D6FBE}.Debug|iPhoneSimulator.Build.0 = Debug|Any CPU
		{A5E67249-2ECC-4938-9EBE-028C152D6FBE}.Debug|iPhoneSimulator.Deploy.0 = Debug|Any CPU
		{A5E67249-2ECC-4938-9EBE-028C152D6FBE}.Debug|x64.ActiveCfg = Debug|Any CPU
		{A5E67249-2ECC-4938-9EBE-028C152D6FBE}.Debug|x64.Build.0 = Debug|Any CPU
		{A5E67249-2ECC-4938-9EBE-028C152D6FBE}.Debug|x64.Deploy.0 = Debug|Any CPU
		{A5E67249-2ECC-4938-9EBE-028C152D6FBE}.Debug|x86.ActiveCfg = Debug|Any CPU
		{A5E67249-2ECC-4938-9EBE-028C152D6FBE}.Debug|x86.Build.0 = Debug|Any CPU
		{A5E67249-2ECC-4938-9EBE-028C152D6FBE}.Debug|x86.Deploy.0 = Debug|Any CPU
		{A5E67249-2ECC-4938-9EBE-028C152D6FBE}.Release|Any CPU.ActiveCfg = Release|Any CPU
		{A5E67249-2ECC-4938-9EBE-028C152D6FBE}.Release|Any CPU.Build.0 = Release|Any CPU
		{A5E67249-2ECC-4938-9EBE-028C152D6FBE}.Release|Any CPU.Deploy.0 = Release|Any CPU
		{A5E67249-2ECC-4938-9EBE-028C152D6FBE}.Release|ARM.ActiveCfg = Release|Any CPU
		{A5E67249-2ECC-4938-9EBE-028C152D6FBE}.Release|ARM.Build.0 = Release|Any CPU
		{A5E67249-2ECC-4938-9EBE-028C152D6FBE}.Release|ARM.Deploy.0 = Release|Any CPU
		{A5E67249-2ECC-4938-9EBE-028C152D6FBE}.Release|iPhone.ActiveCfg = Release|Any CPU
		{A5E67249-2ECC-4938-9EBE-028C152D6FBE}.Release|iPhone.Build.0 = Release|Any CPU
		{A5E67249-2ECC-4938-9EBE-028C152D6FBE}.Release|iPhone.Deploy.0 = Release|Any CPU
		{A5E67249-2ECC-4938-9EBE-028C152D6FBE}.Release|iPhoneSimulator.ActiveCfg = Release|Any CPU
		{A5E67249-2ECC-4938-9EBE-028C152D6FBE}.Release|iPhoneSimulator.Build.0 = Release|Any CPU
		{A5E67249-2ECC-4938-9EBE-028C152D6FBE}.Release|iPhoneSimulator.Deploy.0 = Release|Any CPU
		{A5E67249-2ECC-4938-9EBE-028C152D6FBE}.Release|x64.ActiveCfg = Release|Any CPU
		{A5E67249-2ECC-4938-9EBE-028C152D6FBE}.Release|x64.Build.0 = Release|Any CPU
		{A5E67249-2ECC-4938-9EBE-028C152D6FBE}.Release|x64.Deploy.0 = Release|Any CPU
		{A5E67249-2ECC-4938-9EBE-028C152D6FBE}.Release|x86.ActiveCfg = Release|Any CPU
		{A5E67249-2ECC-4938-9EBE-028C152D6FBE}.Release|x86.Build.0 = Release|Any CPU
		{A5E67249-2ECC-4938-9EBE-028C152D6FBE}.Release|x86.Deploy.0 = Release|Any CPU
		{E9DD985A-C71C-4F10-B323-133D3F66C581}.Ad-Hoc|Any CPU.ActiveCfg = Ad-Hoc|iPhone
		{E9DD985A-C71C-4F10-B323-133D3F66C581}.Ad-Hoc|ARM.ActiveCfg = Ad-Hoc|iPhone
		{E9DD985A-C71C-4F10-B323-133D3F66C581}.Ad-Hoc|iPhone.ActiveCfg = Ad-Hoc|iPhone
		{E9DD985A-C71C-4F10-B323-133D3F66C581}.Ad-Hoc|iPhone.Build.0 = Ad-Hoc|iPhone
		{E9DD985A-C71C-4F10-B323-133D3F66C581}.Ad-Hoc|iPhoneSimulator.ActiveCfg = Ad-Hoc|iPhoneSimulator
		{E9DD985A-C71C-4F10-B323-133D3F66C581}.Ad-Hoc|iPhoneSimulator.Build.0 = Ad-Hoc|iPhoneSimulator
		{E9DD985A-C71C-4F10-B323-133D3F66C581}.Ad-Hoc|x64.ActiveCfg = Ad-Hoc|iPhone
		{E9DD985A-C71C-4F10-B323-133D3F66C581}.Ad-Hoc|x86.ActiveCfg = Ad-Hoc|iPhone
		{E9DD985A-C71C-4F10-B323-133D3F66C581}.AppStore|Any CPU.ActiveCfg = AppStore|iPhone
		{E9DD985A-C71C-4F10-B323-133D3F66C581}.AppStore|ARM.ActiveCfg = AppStore|iPhone
		{E9DD985A-C71C-4F10-B323-133D3F66C581}.AppStore|iPhone.ActiveCfg = AppStore|iPhone
		{E9DD985A-C71C-4F10-B323-133D3F66C581}.AppStore|iPhone.Build.0 = AppStore|iPhone
		{E9DD985A-C71C-4F10-B323-133D3F66C581}.AppStore|iPhoneSimulator.ActiveCfg = AppStore|iPhoneSimulator
		{E9DD985A-C71C-4F10-B323-133D3F66C581}.AppStore|iPhoneSimulator.Build.0 = AppStore|iPhoneSimulator
		{E9DD985A-C71C-4F10-B323-133D3F66C581}.AppStore|x64.ActiveCfg = AppStore|iPhone
		{E9DD985A-C71C-4F10-B323-133D3F66C581}.AppStore|x86.ActiveCfg = AppStore|iPhone
		{E9DD985A-C71C-4F10-B323-133D3F66C581}.Debug|Any CPU.ActiveCfg = Debug|iPhone
		{E9DD985A-C71C-4F10-B323-133D3F66C581}.Debug|ARM.ActiveCfg = Debug|iPhone
		{E9DD985A-C71C-4F10-B323-133D3F66C581}.Debug|iPhone.ActiveCfg = Debug|iPhone
		{E9DD985A-C71C-4F10-B323-133D3F66C581}.Debug|iPhone.Build.0 = Debug|iPhone
		{E9DD985A-C71C-4F10-B323-133D3F66C581}.Debug|iPhoneSimulator.ActiveCfg = Debug|iPhoneSimulator
		{E9DD985A-C71C-4F10-B323-133D3F66C581}.Debug|iPhoneSimulator.Build.0 = Debug|iPhoneSimulator
		{E9DD985A-C71C-4F10-B323-133D3F66C581}.Debug|x64.ActiveCfg = Debug|iPhone
		{E9DD985A-C71C-4F10-B323-133D3F66C581}.Debug|x86.ActiveCfg = Debug|iPhone
		{E9DD985A-C71C-4F10-B323-133D3F66C581}.Release|Any CPU.ActiveCfg = Release|iPhone
		{E9DD985A-C71C-4F10-B323-133D3F66C581}.Release|ARM.ActiveCfg = Release|iPhone
		{E9DD985A-C71C-4F10-B323-133D3F66C581}.Release|iPhone.ActiveCfg = Release|iPhone
		{E9DD985A-C71C-4F10-B323-133D3F66C581}.Release|iPhone.Build.0 = Release|iPhone
		{E9DD985A-C71C-4F10-B323-133D3F66C581}.Release|iPhoneSimulator.ActiveCfg = Release|iPhoneSimulator
		{E9DD985A-C71C-4F10-B323-133D3F66C581}.Release|iPhoneSimulator.Build.0 = Release|iPhoneSimulator
		{E9DD985A-C71C-4F10-B323-133D3F66C581}.Release|x64.ActiveCfg = Release|iPhone
		{E9DD985A-C71C-4F10-B323-133D3F66C581}.Release|x86.ActiveCfg = Release|iPhone
		{73BBD527-AE75-4A23-B8C1-EE6A202C6415}.Ad-Hoc|Any CPU.ActiveCfg = Release|x86
		{73BBD527-AE75-4A23-B8C1-EE6A202C6415}.Ad-Hoc|Any CPU.Build.0 = Release|x86
		{73BBD527-AE75-4A23-B8C1-EE6A202C6415}.Ad-Hoc|Any CPU.Deploy.0 = Release|x86
		{73BBD527-AE75-4A23-B8C1-EE6A202C6415}.Ad-Hoc|ARM.ActiveCfg = Release|ARM
		{73BBD527-AE75-4A23-B8C1-EE6A202C6415}.Ad-Hoc|ARM.Build.0 = Release|ARM
		{73BBD527-AE75-4A23-B8C1-EE6A202C6415}.Ad-Hoc|ARM.Deploy.0 = Release|ARM
		{73BBD527-AE75-4A23-B8C1-EE6A202C6415}.Ad-Hoc|iPhone.ActiveCfg = Release|x86
		{73BBD527-AE75-4A23-B8C1-EE6A202C6415}.Ad-Hoc|iPhone.Build.0 = Release|x86
		{73BBD527-AE75-4A23-B8C1-EE6A202C6415}.Ad-Hoc|iPhone.Deploy.0 = Release|x86
		{73BBD527-AE75-4A23-B8C1-EE6A202C6415}.Ad-Hoc|iPhoneSimulator.ActiveCfg = Release|x86
		{73BBD527-AE75-4A23-B8C1-EE6A202C6415}.Ad-Hoc|iPhoneSimulator.Build.0 = Release|x86
		{73BBD527-AE75-4A23-B8C1-EE6A202C6415}.Ad-Hoc|iPhoneSimulator.Deploy.0 = Release|x86
		{73BBD527-AE75-4A23-B8C1-EE6A202C6415}.Ad-Hoc|x64.ActiveCfg = Release|x64
		{73BBD527-AE75-4A23-B8C1-EE6A202C6415}.Ad-Hoc|x64.Build.0 = Release|x64
		{73BBD527-AE75-4A23-B8C1-EE6A202C6415}.Ad-Hoc|x64.Deploy.0 = Release|x64
		{73BBD527-AE75-4A23-B8C1-EE6A202C6415}.Ad-Hoc|x86.ActiveCfg = Release|x86
		{73BBD527-AE75-4A23-B8C1-EE6A202C6415}.Ad-Hoc|x86.Build.0 = Release|x86
		{73BBD527-AE75-4A23-B8C1-EE6A202C6415}.Ad-Hoc|x86.Deploy.0 = Release|x86
		{73BBD527-AE75-4A23-B8C1-EE6A202C6415}.AppStore|Any CPU.ActiveCfg = Release|x86
		{73BBD527-AE75-4A23-B8C1-EE6A202C6415}.AppStore|Any CPU.Build.0 = Release|x86
		{73BBD527-AE75-4A23-B8C1-EE6A202C6415}.AppStore|Any CPU.Deploy.0 = Release|x86
		{73BBD527-AE75-4A23-B8C1-EE6A202C6415}.AppStore|ARM.ActiveCfg = Release|ARM
		{73BBD527-AE75-4A23-B8C1-EE6A202C6415}.AppStore|ARM.Build.0 = Release|ARM
		{73BBD527-AE75-4A23-B8C1-EE6A202C6415}.AppStore|ARM.Deploy.0 = Release|ARM
		{73BBD527-AE75-4A23-B8C1-EE6A202C6415}.AppStore|iPhone.ActiveCfg = Release|x86
		{73BBD527-AE75-4A23-B8C1-EE6A202C6415}.AppStore|iPhone.Build.0 = Release|x86
		{73BBD527-AE75-4A23-B8C1-EE6A202C6415}.AppStore|iPhone.Deploy.0 = Release|x86
		{73BBD527-AE75-4A23-B8C1-EE6A202C6415}.AppStore|iPhoneSimulator.ActiveCfg = Release|x86
		{73BBD527-AE75-4A23-B8C1-EE6A202C6415}.AppStore|iPhoneSimulator.Build.0 = Release|x86
		{73BBD527-AE75-4A23-B8C1-EE6A202C6415}.AppStore|iPhoneSimulator.Deploy.0 = Release|x86
		{73BBD527-AE75-4A23-B8C1-EE6A202C6415}.AppStore|x64.ActiveCfg = Release|x64
		{73BBD527-AE75-4A23-B8C1-EE6A202C6415}.AppStore|x64.Build.0 = Release|x64
		{73BBD527-AE75-4A23-B8C1-EE6A202C6415}.AppStore|x64.Deploy.0 = Release|x64
		{73BBD527-AE75-4A23-B8C1-EE6A202C6415}.AppStore|x86.ActiveCfg = Release|x86
		{73BBD527-AE75-4A23-B8C1-EE6A202C6415}.AppStore|x86.Build.0 = Release|x86
		{73BBD527-AE75-4A23-B8C1-EE6A202C6415}.AppStore|x86.Deploy.0 = Release|x86
		{73BBD527-AE75-4A23-B8C1-EE6A202C6415}.Debug|Any CPU.ActiveCfg = Debug|x86
		{73BBD527-AE75-4A23-B8C1-EE6A202C6415}.Debug|ARM.ActiveCfg = Debug|ARM
		{73BBD527-AE75-4A23-B8C1-EE6A202C6415}.Debug|ARM.Build.0 = Debug|ARM
		{73BBD527-AE75-4A23-B8C1-EE6A202C6415}.Debug|ARM.Deploy.0 = Debug|ARM
		{73BBD527-AE75-4A23-B8C1-EE6A202C6415}.Debug|iPhone.ActiveCfg = Debug|x86
		{73BBD527-AE75-4A23-B8C1-EE6A202C6415}.Debug|iPhoneSimulator.ActiveCfg = Debug|x86
		{73BBD527-AE75-4A23-B8C1-EE6A202C6415}.Debug|x64.ActiveCfg = Debug|x64
		{73BBD527-AE75-4A23-B8C1-EE6A202C6415}.Debug|x64.Build.0 = Debug|x64
		{73BBD527-AE75-4A23-B8C1-EE6A202C6415}.Debug|x64.Deploy.0 = Debug|x64
		{73BBD527-AE75-4A23-B8C1-EE6A202C6415}.Debug|x86.ActiveCfg = Debug|x86
		{73BBD527-AE75-4A23-B8C1-EE6A202C6415}.Debug|x86.Build.0 = Debug|x86
		{73BBD527-AE75-4A23-B8C1-EE6A202C6415}.Debug|x86.Deploy.0 = Debug|x86
		{73BBD527-AE75-4A23-B8C1-EE6A202C6415}.Release|Any CPU.ActiveCfg = Release|x86
		{73BBD527-AE75-4A23-B8C1-EE6A202C6415}.Release|ARM.ActiveCfg = Release|ARM
		{73BBD527-AE75-4A23-B8C1-EE6A202C6415}.Release|ARM.Build.0 = Release|ARM
		{73BBD527-AE75-4A23-B8C1-EE6A202C6415}.Release|ARM.Deploy.0 = Release|ARM
		{73BBD527-AE75-4A23-B8C1-EE6A202C6415}.Release|iPhone.ActiveCfg = Release|x86
		{73BBD527-AE75-4A23-B8C1-EE6A202C6415}.Release|iPhoneSimulator.ActiveCfg = Release|x86
		{73BBD527-AE75-4A23-B8C1-EE6A202C6415}.Release|x64.ActiveCfg = Release|x64
		{73BBD527-AE75-4A23-B8C1-EE6A202C6415}.Release|x64.Build.0 = Release|x64
		{73BBD527-AE75-4A23-B8C1-EE6A202C6415}.Release|x64.Deploy.0 = Release|x64
		{73BBD527-AE75-4A23-B8C1-EE6A202C6415}.Release|x86.ActiveCfg = Release|x86
		{73BBD527-AE75-4A23-B8C1-EE6A202C6415}.Release|x86.Build.0 = Release|x86
		{73BBD527-AE75-4A23-B8C1-EE6A202C6415}.Release|x86.Deploy.0 = Release|x86
		{21D378CA-7E46-4DA2-82F4-E71F3F747CD3}.Ad-Hoc|Any CPU.ActiveCfg = Debug|Any CPU
		{21D378CA-7E46-4DA2-82F4-E71F3F747CD3}.Ad-Hoc|Any CPU.Build.0 = Debug|Any CPU
		{21D378CA-7E46-4DA2-82F4-E71F3F747CD3}.Ad-Hoc|ARM.ActiveCfg = Debug|Any CPU
		{21D378CA-7E46-4DA2-82F4-E71F3F747CD3}.Ad-Hoc|ARM.Build.0 = Debug|Any CPU
		{21D378CA-7E46-4DA2-82F4-E71F3F747CD3}.Ad-Hoc|iPhone.ActiveCfg = Debug|Any CPU
		{21D378CA-7E46-4DA2-82F4-E71F3F747CD3}.Ad-Hoc|iPhone.Build.0 = Debug|Any CPU
		{21D378CA-7E46-4DA2-82F4-E71F3F747CD3}.Ad-Hoc|iPhoneSimulator.ActiveCfg = Debug|Any CPU
		{21D378CA-7E46-4DA2-82F4-E71F3F747CD3}.Ad-Hoc|iPhoneSimulator.Build.0 = Debug|Any CPU
		{21D378CA-7E46-4DA2-82F4-E71F3F747CD3}.Ad-Hoc|x64.ActiveCfg = Debug|Any CPU
		{21D378CA-7E46-4DA2-82F4-E71F3F747CD3}.Ad-Hoc|x64.Build.0 = Debug|Any CPU
		{21D378CA-7E46-4DA2-82F4-E71F3F747CD3}.Ad-Hoc|x86.ActiveCfg = Debug|Any CPU
		{21D378CA-7E46-4DA2-82F4-E71F3F747CD3}.Ad-Hoc|x86.Build.0 = Debug|Any CPU
		{21D378CA-7E46-4DA2-82F4-E71F3F747CD3}.AppStore|Any CPU.ActiveCfg = Debug|Any CPU
		{21D378CA-7E46-4DA2-82F4-E71F3F747CD3}.AppStore|Any CPU.Build.0 = Debug|Any CPU
		{21D378CA-7E46-4DA2-82F4-E71F3F747CD3}.AppStore|ARM.ActiveCfg = Debug|Any CPU
		{21D378CA-7E46-4DA2-82F4-E71F3F747CD3}.AppStore|ARM.Build.0 = Debug|Any CPU
		{21D378CA-7E46-4DA2-82F4-E71F3F747CD3}.AppStore|iPhone.ActiveCfg = Debug|Any CPU
		{21D378CA-7E46-4DA2-82F4-E71F3F747CD3}.AppStore|iPhone.Build.0 = Debug|Any CPU
		{21D378CA-7E46-4DA2-82F4-E71F3F747CD3}.AppStore|iPhoneSimulator.ActiveCfg = Debug|Any CPU
		{21D378CA-7E46-4DA2-82F4-E71F3F747CD3}.AppStore|iPhoneSimulator.Build.0 = Debug|Any CPU
		{21D378CA-7E46-4DA2-82F4-E71F3F747CD3}.AppStore|x64.ActiveCfg = Debug|Any CPU
		{21D378CA-7E46-4DA2-82F4-E71F3F747CD3}.AppStore|x64.Build.0 = Debug|Any CPU
		{21D378CA-7E46-4DA2-82F4-E71F3F747CD3}.AppStore|x86.ActiveCfg = Debug|Any CPU
		{21D378CA-7E46-4DA2-82F4-E71F3F747CD3}.AppStore|x86.Build.0 = Debug|Any CPU
		{21D378CA-7E46-4DA2-82F4-E71F3F747CD3}.Debug|Any CPU.ActiveCfg = Debug|Any CPU
		{21D378CA-7E46-4DA2-82F4-E71F3F747CD3}.Debug|Any CPU.Build.0 = Debug|Any CPU
		{21D378CA-7E46-4DA2-82F4-E71F3F747CD3}.Debug|ARM.ActiveCfg = Debug|Any CPU
		{21D378CA-7E46-4DA2-82F4-E71F3F747CD3}.Debug|ARM.Build.0 = Debug|Any CPU
		{21D378CA-7E46-4DA2-82F4-E71F3F747CD3}.Debug|iPhone.ActiveCfg = Debug|Any CPU
		{21D378CA-7E46-4DA2-82F4-E71F3F747CD3}.Debug|iPhone.Build.0 = Debug|Any CPU
		{21D378CA-7E46-4DA2-82F4-E71F3F747CD3}.Debug|iPhoneSimulator.ActiveCfg = Debug|Any CPU
		{21D378CA-7E46-4DA2-82F4-E71F3F747CD3}.Debug|iPhoneSimulator.Build.0 = Debug|Any CPU
		{21D378CA-7E46-4DA2-82F4-E71F3F747CD3}.Debug|x64.ActiveCfg = Debug|Any CPU
		{21D378CA-7E46-4DA2-82F4-E71F3F747CD3}.Debug|x64.Build.0 = Debug|Any CPU
		{21D378CA-7E46-4DA2-82F4-E71F3F747CD3}.Debug|x86.ActiveCfg = Debug|Any CPU
		{21D378CA-7E46-4DA2-82F4-E71F3F747CD3}.Debug|x86.Build.0 = Debug|Any CPU
		{21D378CA-7E46-4DA2-82F4-E71F3F747CD3}.Release|Any CPU.ActiveCfg = Release|Any CPU
		{21D378CA-7E46-4DA2-82F4-E71F3F747CD3}.Release|Any CPU.Build.0 = Release|Any CPU
		{21D378CA-7E46-4DA2-82F4-E71F3F747CD3}.Release|ARM.ActiveCfg = Release|Any CPU
		{21D378CA-7E46-4DA2-82F4-E71F3F747CD3}.Release|ARM.Build.0 = Release|Any CPU
		{21D378CA-7E46-4DA2-82F4-E71F3F747CD3}.Release|iPhone.ActiveCfg = Release|Any CPU
		{21D378CA-7E46-4DA2-82F4-E71F3F747CD3}.Release|iPhone.Build.0 = Release|Any CPU
		{21D378CA-7E46-4DA2-82F4-E71F3F747CD3}.Release|iPhoneSimulator.ActiveCfg = Release|Any CPU
		{21D378CA-7E46-4DA2-82F4-E71F3F747CD3}.Release|iPhoneSimulator.Build.0 = Release|Any CPU
		{21D378CA-7E46-4DA2-82F4-E71F3F747CD3}.Release|x64.ActiveCfg = Release|Any CPU
		{21D378CA-7E46-4DA2-82F4-E71F3F747CD3}.Release|x64.Build.0 = Release|Any CPU
		{21D378CA-7E46-4DA2-82F4-E71F3F747CD3}.Release|x86.ActiveCfg = Release|Any CPU
		{21D378CA-7E46-4DA2-82F4-E71F3F747CD3}.Release|x86.Build.0 = Release|Any CPU
	EndGlobalSection
	GlobalSection(SolutionProperties) = preSolution
		HideSolutionNode = FALSE
	EndGlobalSection
	GlobalSection(ExtensibilityGlobals) = postSolution
		SolutionGuid = {283559FF-DBEE-4FC7-BF37-969599F2C57D}
	EndGlobalSection
EndGlobal
