
Microsoft Visual Studio Solution File, Format Version 12.00
# Visual Studio 14
VisualStudioVersion = 14.0.25420.1
MinimumVisualStudioVersion = 10.0.40219.1
Project("{FAE04EC0-301F-11D3-BF4B-00C04F79EFBC}") = "ChillPlayer", "ChillPlayer\ChillPlayer.csproj", "{4222883E-B560-45A8-92BC-E6C311D5AE2C}"
EndProject
Project("{FAE04EC0-301F-11D3-BF4B-00C04F79EFBC}") = "ChillPlayer.Android", "ChillPlayer.Android\ChillPlayer.Android.csproj", "{8315F75D-4483-46C0-8D35-00C0399310DA}"
EndProject
Project("{FAE04EC0-301F-11D3-BF4B-00C04F79EFBC}") = "ChillPlayer.iOS", "ChillPlayer.iOS\ChillPlayer.iOS.csproj", "{9C8C0B30-2574-4E38-ACAD-581C5240BDF6}"
EndProject
Project("{FAE04EC0-301F-11D3-BF4B-00C04F79EFBC}") = "ChillPlayer.WinPhone", "ChillPlayer.WinPhone\ChillPlayer.WinPhone.csproj", "{69A9A202-7437-45D6-B2D7-2B99B616C57A}"
EndProject
Project("{FAE04EC0-301F-11D3-BF4B-00C04F79EFBC}") = "Octane.Xam.VideoPlayer.iOS", "..\src\Octane.Xam.VideoPlayer.iOS\Octane.Xam.VideoPlayer.iOS.csproj", "{1E12D209-54E5-4232-B9A6-6A9BBBA82F6C}"
EndProject
Project("{FAE04EC0-301F-11D3-BF4B-00C04F79EFBC}") = "Octane.Xam.VideoPlayer", "..\src\Octane.Xam.VideoPlayer\Octane.Xam.VideoPlayer.csproj", "{67F9D3A8-F71E-4428-913F-C37AE82CDB24}"
EndProject
Project("{FAE04EC0-301F-11D3-BF4B-00C04F79EFBC}") = "Octane.Xam.VideoPlayer.UWP", "..\src\Octane.Xam.VideoPlayer.UWP\Octane.Xam.VideoPlayer.UWP.csproj", "{0B4D639A-8850-414E-8445-9E878A068121}"
EndProject
Project("{FAE04EC0-301F-11D3-BF4B-00C04F79EFBC}") = "Octane.Xam.VideoPlayer.WP8", "..\src\Octane.Xam.VideoPlayer.WP8\Octane.Xam.VideoPlayer.WP8.csproj", "{FFC8BE26-7C10-44C9-822B-A0F7BD2964C2}"
EndProject
Project("{FAE04EC0-301F-11D3-BF4B-00C04F79EFBC}") = "Octane.Xam.VideoPlayer.WindowsStore", "..\src\Octane.Xam.VideoPlayer.WindowsStore\Octane.Xam.VideoPlayer.WindowsStore.csproj", "{D0016A53-862D-4DB9-BF06-07D578A3F141}"
EndProject
Project("{FAE04EC0-301F-11D3-BF4B-00C04F79EFBC}") = "Octane.Xam.VideoPlayer.WP81", "..\src\Octane.Xam.VideoPlayer.WP81\Octane.Xam.VideoPlayer.WP81.csproj", "{19598581-079F-46C0-8053-B7D31EDE7173}"
EndProject
Project("{FAE04EC0-301F-11D3-BF4B-00C04F79EFBC}") = "ChillPlayer.UWP", "ChillPlayer.UWP\ChillPlayer.UWP.csproj", "{CCC8962D-7D22-450B-A460-1845B05E0B4D}"
EndProject
Project("{FAE04EC0-301F-11D3-BF4B-00C04F79EFBC}") = "Octane.Xam.VideoPlayer.Android", "..\src\Octane.Xam.VideoPlayer.Android\Octane.Xam.VideoPlayer.Android.csproj", "{6C2810CF-411C-45A4-AE77-8D1839F749C0}"
EndProject
Global
	GlobalSection(SolutionConfigurationPlatforms) = preSolution
		Ad-Hoc|Any CPU = Ad-Hoc|Any CPU
		Ad-Hoc|ARM = Ad-Hoc|ARM
		Ad-Hoc|iPhone = Ad-Hoc|iPhone
		Ad-Hoc|iPhoneSimulator = Ad-Hoc|iPhoneSimulator
		Ad-Hoc|x64 = Ad-Hoc|x64
		Ad-Hoc|x86 = Ad-Hoc|x86
		AppStore|Any CPU = AppStore|Any CPU
		AppStore|ARM = AppStore|ARM
		AppStore|iPhone = AppStore|iPhone
		AppStore|iPhoneSimulator = AppStore|iPhoneSimulator
		AppStore|x64 = AppStore|x64
		AppStore|x86 = AppStore|x86
		Debug|Any CPU = Debug|Any CPU
		Debug|ARM = Debug|ARM
		Debug|iPhone = Debug|iPhone
		Debug|iPhoneSimulator = Debug|iPhoneSimulator
		Debug|x64 = Debug|x64
		Debug|x86 = Debug|x86
		Release|Any CPU = Release|Any CPU
		Release|ARM = Release|ARM
		Release|iPhone = Release|iPhone
		Release|iPhoneSimulator = Release|iPhoneSimulator
		Release|x64 = Release|x64
		Release|x86 = Release|x86
		Trial|Any CPU = Trial|Any CPU
		Trial|ARM = Trial|ARM
		Trial|iPhone = Trial|iPhone
		Trial|iPhoneSimulator = Trial|iPhoneSimulator
		Trial|x64 = Trial|x64
		Trial|x86 = Trial|x86
	EndGlobalSection
	GlobalSection(ProjectConfigurationPlatforms) = postSolution
		{4222883E-B560-45A8-92BC-E6C311D5AE2C}.Ad-Hoc|Any CPU.ActiveCfg = Release|Any CPU
		{4222883E-B560-45A8-92BC-E6C311D5AE2C}.Ad-Hoc|Any CPU.Build.0 = Release|Any CPU
		{4222883E-B560-45A8-92BC-E6C311D5AE2C}.Ad-Hoc|ARM.ActiveCfg = Release|Any CPU
		{4222883E-B560-45A8-92BC-E6C311D5AE2C}.Ad-Hoc|ARM.Build.0 = Release|Any CPU
		{4222883E-B560-45A8-92BC-E6C311D5AE2C}.Ad-Hoc|iPhone.ActiveCfg = Release|Any CPU
		{4222883E-B560-45A8-92BC-E6C311D5AE2C}.Ad-Hoc|iPhone.Build.0 = Release|Any CPU
		{4222883E-B560-45A8-92BC-E6C311D5AE2C}.Ad-Hoc|iPhoneSimulator.ActiveCfg = Release|Any CPU
		{4222883E-B560-45A8-92BC-E6C311D5AE2C}.Ad-Hoc|iPhoneSimulator.Build.0 = Release|Any CPU
		{4222883E-B560-45A8-92BC-E6C311D5AE2C}.Ad-Hoc|x64.ActiveCfg = Trial|Any CPU
		{4222883E-B560-45A8-92BC-E6C311D5AE2C}.Ad-Hoc|x64.Build.0 = Trial|Any CPU
		{4222883E-B560-45A8-92BC-E6C311D5AE2C}.Ad-Hoc|x86.ActiveCfg = Release|Any CPU
		{4222883E-B560-45A8-92BC-E6C311D5AE2C}.Ad-Hoc|x86.Build.0 = Release|Any CPU
		{4222883E-B560-45A8-92BC-E6C311D5AE2C}.AppStore|Any CPU.ActiveCfg = Release|Any CPU
		{4222883E-B560-45A8-92BC-E6C311D5AE2C}.AppStore|Any CPU.Build.0 = Release|Any CPU
		{4222883E-B560-45A8-92BC-E6C311D5AE2C}.AppStore|ARM.ActiveCfg = Release|Any CPU
		{4222883E-B560-45A8-92BC-E6C311D5AE2C}.AppStore|ARM.Build.0 = Release|Any CPU
		{4222883E-B560-45A8-92BC-E6C311D5AE2C}.AppStore|iPhone.ActiveCfg = Release|Any CPU
		{4222883E-B560-45A8-92BC-E6C311D5AE2C}.AppStore|iPhone.Build.0 = Release|Any CPU
		{4222883E-B560-45A8-92BC-E6C311D5AE2C}.AppStore|iPhoneSimulator.ActiveCfg = Release|Any CPU
		{4222883E-B560-45A8-92BC-E6C311D5AE2C}.AppStore|iPhoneSimulator.Build.0 = Release|Any CPU
		{4222883E-B560-45A8-92BC-E6C311D5AE2C}.AppStore|x64.ActiveCfg = Trial|Any CPU
		{4222883E-B560-45A8-92BC-E6C311D5AE2C}.AppStore|x64.Build.0 = Trial|Any CPU
		{4222883E-B560-45A8-92BC-E6C311D5AE2C}.AppStore|x86.ActiveCfg = Release|Any CPU
		{4222883E-B560-45A8-92BC-E6C311D5AE2C}.AppStore|x86.Build.0 = Release|Any CPU
		{4222883E-B560-45A8-92BC-E6C311D5AE2C}.Debug|Any CPU.ActiveCfg = Debug|Any CPU
		{4222883E-B560-45A8-92BC-E6C311D5AE2C}.Debug|Any CPU.Build.0 = Debug|Any CPU
		{4222883E-B560-45A8-92BC-E6C311D5AE2C}.Debug|ARM.ActiveCfg = Debug|Any CPU
		{4222883E-B560-45A8-92BC-E6C311D5AE2C}.Debug|ARM.Build.0 = Debug|Any CPU
		{4222883E-B560-45A8-92BC-E6C311D5AE2C}.Debug|iPhone.ActiveCfg = Debug|Any CPU
		{4222883E-B560-45A8-92BC-E6C311D5AE2C}.Debug|iPhone.Build.0 = Debug|Any CPU
		{4222883E-B560-45A8-92BC-E6C311D5AE2C}.Debug|iPhoneSimulator.ActiveCfg = Debug|Any CPU
		{4222883E-B560-45A8-92BC-E6C311D5AE2C}.Debug|iPhoneSimulator.Build.0 = Debug|Any CPU
		{4222883E-B560-45A8-92BC-E6C311D5AE2C}.Debug|x64.ActiveCfg = Debug|Any CPU
		{4222883E-B560-45A8-92BC-E6C311D5AE2C}.Debug|x64.Build.0 = Debug|Any CPU
		{4222883E-B560-45A8-92BC-E6C311D5AE2C}.Debug|x86.ActiveCfg = Debug|Any CPU
		{4222883E-B560-45A8-92BC-E6C311D5AE2C}.Debug|x86.Build.0 = Debug|Any CPU
		{4222883E-B560-45A8-92BC-E6C311D5AE2C}.Release|Any CPU.ActiveCfg = Release|Any CPU
		{4222883E-B560-45A8-92BC-E6C311D5AE2C}.Release|Any CPU.Build.0 = Release|Any CPU
		{4222883E-B560-45A8-92BC-E6C311D5AE2C}.Release|ARM.ActiveCfg = Release|Any CPU
		{4222883E-B560-45A8-92BC-E6C311D5AE2C}.Release|ARM.Build.0 = Release|Any CPU
		{4222883E-B560-45A8-92BC-E6C311D5AE2C}.Release|iPhone.ActiveCfg = Release|Any CPU
		{4222883E-B560-45A8-92BC-E6C311D5AE2C}.Release|iPhone.Build.0 = Release|Any CPU
		{4222883E-B560-45A8-92BC-E6C311D5AE2C}.Release|iPhoneSimulator.ActiveCfg = Release|Any CPU
		{4222883E-B560-45A8-92BC-E6C311D5AE2C}.Release|iPhoneSimulator.Build.0 = Release|Any CPU
		{4222883E-B560-45A8-92BC-E6C311D5AE2C}.Release|x64.ActiveCfg = Release|Any CPU
		{4222883E-B560-45A8-92BC-E6C311D5AE2C}.Release|x64.Build.0 = Release|Any CPU
		{4222883E-B560-45A8-92BC-E6C311D5AE2C}.Release|x86.ActiveCfg = Release|Any CPU
		{4222883E-B560-45A8-92BC-E6C311D5AE2C}.Release|x86.Build.0 = Release|Any CPU
		{4222883E-B560-45A8-92BC-E6C311D5AE2C}.Trial|Any CPU.ActiveCfg = Trial|Any CPU
		{4222883E-B560-45A8-92BC-E6C311D5AE2C}.Trial|Any CPU.Build.0 = Trial|Any CPU
		{4222883E-B560-45A8-92BC-E6C311D5AE2C}.Trial|ARM.ActiveCfg = Trial|Any CPU
		{4222883E-B560-45A8-92BC-E6C311D5AE2C}.Trial|ARM.Build.0 = Trial|Any CPU
		{4222883E-B560-45A8-92BC-E6C311D5AE2C}.Trial|iPhone.ActiveCfg = Trial|Any CPU
		{4222883E-B560-45A8-92BC-E6C311D5AE2C}.Trial|iPhone.Build.0 = Trial|Any CPU
		{4222883E-B560-45A8-92BC-E6C311D5AE2C}.Trial|iPhoneSimulator.ActiveCfg = Trial|Any CPU
		{4222883E-B560-45A8-92BC-E6C311D5AE2C}.Trial|iPhoneSimulator.Build.0 = Trial|Any CPU
		{4222883E-B560-45A8-92BC-E6C311D5AE2C}.Trial|x64.ActiveCfg = Trial|Any CPU
		{4222883E-B560-45A8-92BC-E6C311D5AE2C}.Trial|x64.Build.0 = Trial|Any CPU
		{4222883E-B560-45A8-92BC-E6C311D5AE2C}.Trial|x86.ActiveCfg = Trial|Any CPU
		{4222883E-B560-45A8-92BC-E6C311D5AE2C}.Trial|x86.Build.0 = Trial|Any CPU
		{8315F75D-4483-46C0-8D35-00C0399310DA}.Ad-Hoc|Any CPU.ActiveCfg = Release|Any CPU
		{8315F75D-4483-46C0-8D35-00C0399310DA}.Ad-Hoc|Any CPU.Build.0 = Release|Any CPU
		{8315F75D-4483-46C0-8D35-00C0399310DA}.Ad-Hoc|Any CPU.Deploy.0 = Release|Any CPU
		{8315F75D-4483-46C0-8D35-00C0399310DA}.Ad-Hoc|ARM.ActiveCfg = Release|Any CPU
		{8315F75D-4483-46C0-8D35-00C0399310DA}.Ad-Hoc|ARM.Build.0 = Release|Any CPU
		{8315F75D-4483-46C0-8D35-00C0399310DA}.Ad-Hoc|ARM.Deploy.0 = Release|Any CPU
		{8315F75D-4483-46C0-8D35-00C0399310DA}.Ad-Hoc|iPhone.ActiveCfg = Release|Any CPU
		{8315F75D-4483-46C0-8D35-00C0399310DA}.Ad-Hoc|iPhone.Build.0 = Release|Any CPU
		{8315F75D-4483-46C0-8D35-00C0399310DA}.Ad-Hoc|iPhone.Deploy.0 = Release|Any CPU
		{8315F75D-4483-46C0-8D35-00C0399310DA}.Ad-Hoc|iPhoneSimulator.ActiveCfg = Release|Any CPU
		{8315F75D-4483-46C0-8D35-00C0399310DA}.Ad-Hoc|iPhoneSimulator.Build.0 = Release|Any CPU
		{8315F75D-4483-46C0-8D35-00C0399310DA}.Ad-Hoc|iPhoneSimulator.Deploy.0 = Release|Any CPU
		{8315F75D-4483-46C0-8D35-00C0399310DA}.Ad-Hoc|x64.ActiveCfg = Trial|Any CPU
		{8315F75D-4483-46C0-8D35-00C0399310DA}.Ad-Hoc|x64.Build.0 = Trial|Any CPU
		{8315F75D-4483-46C0-8D35-00C0399310DA}.Ad-Hoc|x64.Deploy.0 = Trial|Any CPU
		{8315F75D-4483-46C0-8D35-00C0399310DA}.Ad-Hoc|x86.ActiveCfg = Release|Any CPU
		{8315F75D-4483-46C0-8D35-00C0399310DA}.Ad-Hoc|x86.Build.0 = Release|Any CPU
		{8315F75D-4483-46C0-8D35-00C0399310DA}.Ad-Hoc|x86.Deploy.0 = Release|Any CPU
		{8315F75D-4483-46C0-8D35-00C0399310DA}.AppStore|Any CPU.ActiveCfg = Release|Any CPU
		{8315F75D-4483-46C0-8D35-00C0399310DA}.AppStore|Any CPU.Build.0 = Release|Any CPU
		{8315F75D-4483-46C0-8D35-00C0399310DA}.AppStore|Any CPU.Deploy.0 = Release|Any CPU
		{8315F75D-4483-46C0-8D35-00C0399310DA}.AppStore|ARM.ActiveCfg = Release|Any CPU
		{8315F75D-4483-46C0-8D35-00C0399310DA}.AppStore|ARM.Build.0 = Release|Any CPU
		{8315F75D-4483-46C0-8D35-00C0399310DA}.AppStore|ARM.Deploy.0 = Release|Any CPU
		{8315F75D-4483-46C0-8D35-00C0399310DA}.AppStore|iPhone.ActiveCfg = Release|Any CPU
		{8315F75D-4483-46C0-8D35-00C0399310DA}.AppStore|iPhone.Build.0 = Release|Any CPU
		{8315F75D-4483-46C0-8D35-00C0399310DA}.AppStore|iPhone.Deploy.0 = Release|Any CPU
		{8315F75D-4483-46C0-8D35-00C0399310DA}.AppStore|iPhoneSimulator.ActiveCfg = Release|Any CPU
		{8315F75D-4483-46C0-8D35-00C0399310DA}.AppStore|iPhoneSimulator.Build.0 = Release|Any CPU
		{8315F75D-4483-46C0-8D35-00C0399310DA}.AppStore|iPhoneSimulator.Deploy.0 = Release|Any CPU
		{8315F75D-4483-46C0-8D35-00C0399310DA}.AppStore|x64.ActiveCfg = Trial|Any CPU
		{8315F75D-4483-46C0-8D35-00C0399310DA}.AppStore|x64.Build.0 = Trial|Any CPU
		{8315F75D-4483-46C0-8D35-00C0399310DA}.AppStore|x64.Deploy.0 = Trial|Any CPU
		{8315F75D-4483-46C0-8D35-00C0399310DA}.AppStore|x86.ActiveCfg = Release|Any CPU
		{8315F75D-4483-46C0-8D35-00C0399310DA}.AppStore|x86.Build.0 = Release|Any CPU
		{8315F75D-4483-46C0-8D35-00C0399310DA}.AppStore|x86.Deploy.0 = Release|Any CPU
		{8315F75D-4483-46C0-8D35-00C0399310DA}.Debug|Any CPU.ActiveCfg = Debug|Any CPU
		{8315F75D-4483-46C0-8D35-00C0399310DA}.Debug|Any CPU.Build.0 = Debug|Any CPU
		{8315F75D-4483-46C0-8D35-00C0399310DA}.Debug|Any CPU.Deploy.0 = Debug|Any CPU
		{8315F75D-4483-46C0-8D35-00C0399310DA}.Debug|ARM.ActiveCfg = Debug|Any CPU
		{8315F75D-4483-46C0-8D35-00C0399310DA}.Debug|ARM.Build.0 = Debug|Any CPU
		{8315F75D-4483-46C0-8D35-00C0399310DA}.Debug|ARM.Deploy.0 = Debug|Any CPU
		{8315F75D-4483-46C0-8D35-00C0399310DA}.Debug|iPhone.ActiveCfg = Debug|Any CPU
		{8315F75D-4483-46C0-8D35-00C0399310DA}.Debug|iPhone.Build.0 = Debug|Any CPU
		{8315F75D-4483-46C0-8D35-00C0399310DA}.Debug|iPhone.Deploy.0 = Debug|Any CPU
		{8315F75D-4483-46C0-8D35-00C0399310DA}.Debug|iPhoneSimulator.ActiveCfg = Debug|Any CPU
		{8315F75D-4483-46C0-8D35-00C0399310DA}.Debug|iPhoneSimulator.Build.0 = Debug|Any CPU
		{8315F75D-4483-46C0-8D35-00C0399310DA}.Debug|iPhoneSimulator.Deploy.0 = Debug|Any CPU
		{8315F75D-4483-46C0-8D35-00C0399310DA}.Debug|x64.ActiveCfg = Debug|Any CPU
		{8315F75D-4483-46C0-8D35-00C0399310DA}.Debug|x64.Build.0 = Debug|Any CPU
		{8315F75D-4483-46C0-8D35-00C0399310DA}.Debug|x64.Deploy.0 = Debug|Any CPU
		{8315F75D-4483-46C0-8D35-00C0399310DA}.Debug|x86.ActiveCfg = Debug|Any CPU
		{8315F75D-4483-46C0-8D35-00C0399310DA}.Debug|x86.Build.0 = Debug|Any CPU
		{8315F75D-4483-46C0-8D35-00C0399310DA}.Debug|x86.Deploy.0 = Debug|Any CPU
		{8315F75D-4483-46C0-8D35-00C0399310DA}.Release|Any CPU.ActiveCfg = Release|Any CPU
		{8315F75D-4483-46C0-8D35-00C0399310DA}.Release|Any CPU.Build.0 = Release|Any CPU
		{8315F75D-4483-46C0-8D35-00C0399310DA}.Release|Any CPU.Deploy.0 = Release|Any CPU
		{8315F75D-4483-46C0-8D35-00C0399310DA}.Release|ARM.ActiveCfg = Release|Any CPU
		{8315F75D-4483-46C0-8D35-00C0399310DA}.Release|ARM.Build.0 = Release|Any CPU
		{8315F75D-4483-46C0-8D35-00C0399310DA}.Release|ARM.Deploy.0 = Release|Any CPU
		{8315F75D-4483-46C0-8D35-00C0399310DA}.Release|iPhone.ActiveCfg = Release|Any CPU
		{8315F75D-4483-46C0-8D35-00C0399310DA}.Release|iPhone.Build.0 = Release|Any CPU
		{8315F75D-4483-46C0-8D35-00C0399310DA}.Release|iPhone.Deploy.0 = Release|Any CPU
		{8315F75D-4483-46C0-8D35-00C0399310DA}.Release|iPhoneSimulator.ActiveCfg = Release|Any CPU
		{8315F75D-4483-46C0-8D35-00C0399310DA}.Release|iPhoneSimulator.Build.0 = Release|Any CPU
		{8315F75D-4483-46C0-8D35-00C0399310DA}.Release|iPhoneSimulator.Deploy.0 = Release|Any CPU
		{8315F75D-4483-46C0-8D35-00C0399310DA}.Release|x64.ActiveCfg = Release|Any CPU
		{8315F75D-4483-46C0-8D35-00C0399310DA}.Release|x64.Build.0 = Release|Any CPU
		{8315F75D-4483-46C0-8D35-00C0399310DA}.Release|x64.Deploy.0 = Release|Any CPU
		{8315F75D-4483-46C0-8D35-00C0399310DA}.Release|x86.ActiveCfg = Release|Any CPU
		{8315F75D-4483-46C0-8D35-00C0399310DA}.Release|x86.Build.0 = Release|Any CPU
		{8315F75D-4483-46C0-8D35-00C0399310DA}.Release|x86.Deploy.0 = Release|Any CPU
		{8315F75D-4483-46C0-8D35-00C0399310DA}.Trial|Any CPU.ActiveCfg = Trial|Any CPU
		{8315F75D-4483-46C0-8D35-00C0399310DA}.Trial|Any CPU.Build.0 = Trial|Any CPU
		{8315F75D-4483-46C0-8D35-00C0399310DA}.Trial|Any CPU.Deploy.0 = Trial|Any CPU
		{8315F75D-4483-46C0-8D35-00C0399310DA}.Trial|ARM.ActiveCfg = Trial|Any CPU
		{8315F75D-4483-46C0-8D35-00C0399310DA}.Trial|ARM.Build.0 = Trial|Any CPU
		{8315F75D-4483-46C0-8D35-00C0399310DA}.Trial|ARM.Deploy.0 = Trial|Any CPU
		{8315F75D-4483-46C0-8D35-00C0399310DA}.Trial|iPhone.ActiveCfg = Trial|Any CPU
		{8315F75D-4483-46C0-8D35-00C0399310DA}.Trial|iPhone.Build.0 = Trial|Any CPU
		{8315F75D-4483-46C0-8D35-00C0399310DA}.Trial|iPhone.Deploy.0 = Trial|Any CPU
		{8315F75D-4483-46C0-8D35-00C0399310DA}.Trial|iPhoneSimulator.ActiveCfg = Trial|Any CPU
		{8315F75D-4483-46C0-8D35-00C0399310DA}.Trial|iPhoneSimulator.Build.0 = Trial|Any CPU
		{8315F75D-4483-46C0-8D35-00C0399310DA}.Trial|iPhoneSimulator.Deploy.0 = Trial|Any CPU
		{8315F75D-4483-46C0-8D35-00C0399310DA}.Trial|x64.ActiveCfg = Trial|Any CPU
		{8315F75D-4483-46C0-8D35-00C0399310DA}.Trial|x64.Build.0 = Trial|Any CPU
		{8315F75D-4483-46C0-8D35-00C0399310DA}.Trial|x64.Deploy.0 = Trial|Any CPU
		{8315F75D-4483-46C0-8D35-00C0399310DA}.Trial|x86.ActiveCfg = Trial|Any CPU
		{8315F75D-4483-46C0-8D35-00C0399310DA}.Trial|x86.Build.0 = Trial|Any CPU
		{8315F75D-4483-46C0-8D35-00C0399310DA}.Trial|x86.Deploy.0 = Trial|Any CPU
		{9C8C0B30-2574-4E38-ACAD-581C5240BDF6}.Ad-Hoc|Any CPU.ActiveCfg = Ad-Hoc|iPhone
		{9C8C0B30-2574-4E38-ACAD-581C5240BDF6}.Ad-Hoc|ARM.ActiveCfg = Ad-Hoc|iPhone
		{9C8C0B30-2574-4E38-ACAD-581C5240BDF6}.Ad-Hoc|iPhone.ActiveCfg = Ad-Hoc|iPhone
		{9C8C0B30-2574-4E38-ACAD-581C5240BDF6}.Ad-Hoc|iPhone.Build.0 = Ad-Hoc|iPhone
		{9C8C0B30-2574-4E38-ACAD-581C5240BDF6}.Ad-Hoc|iPhoneSimulator.ActiveCfg = Ad-Hoc|iPhoneSimulator
		{9C8C0B30-2574-4E38-ACAD-581C5240BDF6}.Ad-Hoc|iPhoneSimulator.Build.0 = Ad-Hoc|iPhoneSimulator
		{9C8C0B30-2574-4E38-ACAD-581C5240BDF6}.Ad-Hoc|x64.ActiveCfg = Ad-Hoc|iPhoneSimulator
		{9C8C0B30-2574-4E38-ACAD-581C5240BDF6}.Ad-Hoc|x86.ActiveCfg = Ad-Hoc|iPhone
		{9C8C0B30-2574-4E38-ACAD-581C5240BDF6}.AppStore|Any CPU.ActiveCfg = AppStore|iPhone
		{9C8C0B30-2574-4E38-ACAD-581C5240BDF6}.AppStore|ARM.ActiveCfg = AppStore|iPhone
		{9C8C0B30-2574-4E38-ACAD-581C5240BDF6}.AppStore|iPhone.ActiveCfg = AppStore|iPhone
		{9C8C0B30-2574-4E38-ACAD-581C5240BDF6}.AppStore|iPhone.Build.0 = AppStore|iPhone
		{9C8C0B30-2574-4E38-ACAD-581C5240BDF6}.AppStore|iPhoneSimulator.ActiveCfg = AppStore|iPhoneSimulator
		{9C8C0B30-2574-4E38-ACAD-581C5240BDF6}.AppStore|iPhoneSimulator.Build.0 = AppStore|iPhoneSimulator
		{9C8C0B30-2574-4E38-ACAD-581C5240BDF6}.AppStore|x64.ActiveCfg = AppStore|iPhoneSimulator
		{9C8C0B30-2574-4E38-ACAD-581C5240BDF6}.AppStore|x86.ActiveCfg = AppStore|iPhone
		{9C8C0B30-2574-4E38-ACAD-581C5240BDF6}.Debug|Any CPU.ActiveCfg = Debug|iPhone
		{9C8C0B30-2574-4E38-ACAD-581C5240BDF6}.Debug|Any CPU.Build.0 = Debug|iPhone
		{9C8C0B30-2574-4E38-ACAD-581C5240BDF6}.Debug|ARM.ActiveCfg = Debug|iPhone
		{9C8C0B30-2574-4E38-ACAD-581C5240BDF6}.Debug|iPhone.ActiveCfg = Debug|iPhone
		{9C8C0B30-2574-4E38-ACAD-581C5240BDF6}.Debug|iPhone.Build.0 = Debug|iPhone
		{9C8C0B30-2574-4E38-ACAD-581C5240BDF6}.Debug|iPhoneSimulator.ActiveCfg = Debug|iPhoneSimulator
		{9C8C0B30-2574-4E38-ACAD-581C5240BDF6}.Debug|iPhoneSimulator.Build.0 = Debug|iPhoneSimulator
		{9C8C0B30-2574-4E38-ACAD-581C5240BDF6}.Debug|x64.ActiveCfg = Debug|iPhoneSimulator
		{9C8C0B30-2574-4E38-ACAD-581C5240BDF6}.Debug|x86.ActiveCfg = Debug|iPhone
		{9C8C0B30-2574-4E38-ACAD-581C5240BDF6}.Release|Any CPU.ActiveCfg = Release|iPhone
		{9C8C0B30-2574-4E38-ACAD-581C5240BDF6}.Release|Any CPU.Build.0 = Release|iPhone
		{9C8C0B30-2574-4E38-ACAD-581C5240BDF6}.Release|ARM.ActiveCfg = Release|iPhone
		{9C8C0B30-2574-4E38-ACAD-581C5240BDF6}.Release|iPhone.ActiveCfg = Release|iPhone
		{9C8C0B30-2574-4E38-ACAD-581C5240BDF6}.Release|iPhone.Build.0 = Release|iPhone
		{9C8C0B30-2574-4E38-ACAD-581C5240BDF6}.Release|iPhoneSimulator.ActiveCfg = Release|iPhoneSimulator
		{9C8C0B30-2574-4E38-ACAD-581C5240BDF6}.Release|iPhoneSimulator.Build.0 = Release|iPhoneSimulator
		{9C8C0B30-2574-4E38-ACAD-581C5240BDF6}.Release|x64.ActiveCfg = Release|iPhoneSimulator
		{9C8C0B30-2574-4E38-ACAD-581C5240BDF6}.Release|x86.ActiveCfg = Release|iPhone
		{9C8C0B30-2574-4E38-ACAD-581C5240BDF6}.Trial|Any CPU.ActiveCfg = Trial|iPhoneSimulator
		{9C8C0B30-2574-4E38-ACAD-581C5240BDF6}.Trial|ARM.ActiveCfg = Trial|iPhoneSimulator
		{9C8C0B30-2574-4E38-ACAD-581C5240BDF6}.Trial|iPhone.ActiveCfg = Trial|iPhone
		{9C8C0B30-2574-4E38-ACAD-581C5240BDF6}.Trial|iPhone.Build.0 = Trial|iPhone
		{9C8C0B30-2574-4E38-ACAD-581C5240BDF6}.Trial|iPhoneSimulator.ActiveCfg = Trial|iPhoneSimulator
		{9C8C0B30-2574-4E38-ACAD-581C5240BDF6}.Trial|iPhoneSimulator.Build.0 = Trial|iPhoneSimulator
		{9C8C0B30-2574-4E38-ACAD-581C5240BDF6}.Trial|x64.ActiveCfg = Trial|iPhoneSimulator
		{9C8C0B30-2574-4E38-ACAD-581C5240BDF6}.Trial|x86.ActiveCfg = Trial|iPhoneSimulator
		{69A9A202-7437-45D6-B2D7-2B99B616C57A}.Ad-Hoc|Any CPU.ActiveCfg = Release|Any CPU
		{69A9A202-7437-45D6-B2D7-2B99B616C57A}.Ad-Hoc|Any CPU.Build.0 = Release|Any CPU
		{69A9A202-7437-45D6-B2D7-2B99B616C57A}.Ad-Hoc|Any CPU.Deploy.0 = Release|Any CPU
		{69A9A202-7437-45D6-B2D7-2B99B616C57A}.Ad-Hoc|ARM.ActiveCfg = Release|ARM
		{69A9A202-7437-45D6-B2D7-2B99B616C57A}.Ad-Hoc|ARM.Build.0 = Release|ARM
		{69A9A202-7437-45D6-B2D7-2B99B616C57A}.Ad-Hoc|ARM.Deploy.0 = Release|ARM
		{69A9A202-7437-45D6-B2D7-2B99B616C57A}.Ad-Hoc|iPhone.ActiveCfg = Release|Any CPU
		{69A9A202-7437-45D6-B2D7-2B99B616C57A}.Ad-Hoc|iPhone.Build.0 = Release|Any CPU
		{69A9A202-7437-45D6-B2D7-2B99B616C57A}.Ad-Hoc|iPhone.Deploy.0 = Release|Any CPU
		{69A9A202-7437-45D6-B2D7-2B99B616C57A}.Ad-Hoc|iPhoneSimulator.ActiveCfg = Release|Any CPU
		{69A9A202-7437-45D6-B2D7-2B99B616C57A}.Ad-Hoc|iPhoneSimulator.Build.0 = Release|Any CPU
		{69A9A202-7437-45D6-B2D7-2B99B616C57A}.Ad-Hoc|iPhoneSimulator.Deploy.0 = Release|Any CPU
		{69A9A202-7437-45D6-B2D7-2B99B616C57A}.Ad-Hoc|x64.ActiveCfg = Trial|Any CPU
		{69A9A202-7437-45D6-B2D7-2B99B616C57A}.Ad-Hoc|x64.Build.0 = Trial|Any CPU
		{69A9A202-7437-45D6-B2D7-2B99B616C57A}.Ad-Hoc|x64.Deploy.0 = Trial|Any CPU
		{69A9A202-7437-45D6-B2D7-2B99B616C57A}.Ad-Hoc|x86.ActiveCfg = Release|x86
		{69A9A202-7437-45D6-B2D7-2B99B616C57A}.Ad-Hoc|x86.Build.0 = Release|x86
		{69A9A202-7437-45D6-B2D7-2B99B616C57A}.Ad-Hoc|x86.Deploy.0 = Release|x86
		{69A9A202-7437-45D6-B2D7-2B99B616C57A}.AppStore|Any CPU.ActiveCfg = Release|Any CPU
		{69A9A202-7437-45D6-B2D7-2B99B616C57A}.AppStore|Any CPU.Build.0 = Release|Any CPU
		{69A9A202-7437-45D6-B2D7-2B99B616C57A}.AppStore|Any CPU.Deploy.0 = Release|Any CPU
		{69A9A202-7437-45D6-B2D7-2B99B616C57A}.AppStore|ARM.ActiveCfg = Release|ARM
		{69A9A202-7437-45D6-B2D7-2B99B616C57A}.AppStore|ARM.Build.0 = Release|ARM
		{69A9A202-7437-45D6-B2D7-2B99B616C57A}.AppStore|ARM.Deploy.0 = Release|ARM
		{69A9A202-7437-45D6-B2D7-2B99B616C57A}.AppStore|iPhone.ActiveCfg = Release|Any CPU
		{69A9A202-7437-45D6-B2D7-2B99B616C57A}.AppStore|iPhone.Build.0 = Release|Any CPU
		{69A9A202-7437-45D6-B2D7-2B99B616C57A}.AppStore|iPhone.Deploy.0 = Release|Any CPU
		{69A9A202-7437-45D6-B2D7-2B99B616C57A}.AppStore|iPhoneSimulator.ActiveCfg = Release|Any CPU
		{69A9A202-7437-45D6-B2D7-2B99B616C57A}.AppStore|iPhoneSimulator.Build.0 = Release|Any CPU
		{69A9A202-7437-45D6-B2D7-2B99B616C57A}.AppStore|iPhoneSimulator.Deploy.0 = Release|Any CPU
		{69A9A202-7437-45D6-B2D7-2B99B616C57A}.AppStore|x64.ActiveCfg = Trial|Any CPU
		{69A9A202-7437-45D6-B2D7-2B99B616C57A}.AppStore|x64.Build.0 = Trial|Any CPU
		{69A9A202-7437-45D6-B2D7-2B99B616C57A}.AppStore|x64.Deploy.0 = Trial|Any CPU
		{69A9A202-7437-45D6-B2D7-2B99B616C57A}.AppStore|x86.ActiveCfg = Release|x86
		{69A9A202-7437-45D6-B2D7-2B99B616C57A}.AppStore|x86.Build.0 = Release|x86
		{69A9A202-7437-45D6-B2D7-2B99B616C57A}.AppStore|x86.Deploy.0 = Release|x86
		{69A9A202-7437-45D6-B2D7-2B99B616C57A}.Debug|Any CPU.ActiveCfg = Debug|Any CPU
		{69A9A202-7437-45D6-B2D7-2B99B616C57A}.Debug|Any CPU.Build.0 = Debug|Any CPU
		{69A9A202-7437-45D6-B2D7-2B99B616C57A}.Debug|Any CPU.Deploy.0 = Debug|Any CPU
		{69A9A202-7437-45D6-B2D7-2B99B616C57A}.Debug|ARM.ActiveCfg = Debug|ARM
		{69A9A202-7437-45D6-B2D7-2B99B616C57A}.Debug|ARM.Build.0 = Debug|ARM
		{69A9A202-7437-45D6-B2D7-2B99B616C57A}.Debug|ARM.Deploy.0 = Debug|ARM
		{69A9A202-7437-45D6-B2D7-2B99B616C57A}.Debug|iPhone.ActiveCfg = Debug|Any CPU
		{69A9A202-7437-45D6-B2D7-2B99B616C57A}.Debug|iPhone.Build.0 = Debug|Any CPU
		{69A9A202-7437-45D6-B2D7-2B99B616C57A}.Debug|iPhone.Deploy.0 = Debug|Any CPU
		{69A9A202-7437-45D6-B2D7-2B99B616C57A}.Debug|iPhoneSimulator.ActiveCfg = Debug|Any CPU
		{69A9A202-7437-45D6-B2D7-2B99B616C57A}.Debug|iPhoneSimulator.Build.0 = Debug|Any CPU
		{69A9A202-7437-45D6-B2D7-2B99B616C57A}.Debug|iPhoneSimulator.Deploy.0 = Debug|Any CPU
		{69A9A202-7437-45D6-B2D7-2B99B616C57A}.Debug|x64.ActiveCfg = Debug|Any CPU
		{69A9A202-7437-45D6-B2D7-2B99B616C57A}.Debug|x64.Build.0 = Debug|Any CPU
		{69A9A202-7437-45D6-B2D7-2B99B616C57A}.Debug|x64.Deploy.0 = Debug|Any CPU
		{69A9A202-7437-45D6-B2D7-2B99B616C57A}.Debug|x86.ActiveCfg = Debug|x86
		{69A9A202-7437-45D6-B2D7-2B99B616C57A}.Debug|x86.Build.0 = Debug|x86
		{69A9A202-7437-45D6-B2D7-2B99B616C57A}.Debug|x86.Deploy.0 = Debug|x86
		{69A9A202-7437-45D6-B2D7-2B99B616C57A}.Release|Any CPU.ActiveCfg = Release|Any CPU
		{69A9A202-7437-45D6-B2D7-2B99B616C57A}.Release|Any CPU.Build.0 = Release|Any CPU
		{69A9A202-7437-45D6-B2D7-2B99B616C57A}.Release|Any CPU.Deploy.0 = Release|Any CPU
		{69A9A202-7437-45D6-B2D7-2B99B616C57A}.Release|ARM.ActiveCfg = Release|ARM
		{69A9A202-7437-45D6-B2D7-2B99B616C57A}.Release|ARM.Build.0 = Release|ARM
		{69A9A202-7437-45D6-B2D7-2B99B616C57A}.Release|ARM.Deploy.0 = Release|ARM
		{69A9A202-7437-45D6-B2D7-2B99B616C57A}.Release|iPhone.ActiveCfg = Release|Any CPU
		{69A9A202-7437-45D6-B2D7-2B99B616C57A}.Release|iPhone.Build.0 = Release|Any CPU
		{69A9A202-7437-45D6-B2D7-2B99B616C57A}.Release|iPhone.Deploy.0 = Release|Any CPU
		{69A9A202-7437-45D6-B2D7-2B99B616C57A}.Release|iPhoneSimulator.ActiveCfg = Release|Any CPU
		{69A9A202-7437-45D6-B2D7-2B99B616C57A}.Release|iPhoneSimulator.Build.0 = Release|Any CPU
		{69A9A202-7437-45D6-B2D7-2B99B616C57A}.Release|iPhoneSimulator.Deploy.0 = Release|Any CPU
		{69A9A202-7437-45D6-B2D7-2B99B616C57A}.Release|x64.ActiveCfg = Release|Any CPU
		{69A9A202-7437-45D6-B2D7-2B99B616C57A}.Release|x64.Build.0 = Release|Any CPU
		{69A9A202-7437-45D6-B2D7-2B99B616C57A}.Release|x64.Deploy.0 = Release|Any CPU
		{69A9A202-7437-45D6-B2D7-2B99B616C57A}.Release|x86.ActiveCfg = Release|x86
		{69A9A202-7437-45D6-B2D7-2B99B616C57A}.Release|x86.Build.0 = Release|x86
		{69A9A202-7437-45D6-B2D7-2B99B616C57A}.Release|x86.Deploy.0 = Release|x86
		{69A9A202-7437-45D6-B2D7-2B99B616C57A}.Trial|Any CPU.ActiveCfg = Trial|Any CPU
		{69A9A202-7437-45D6-B2D7-2B99B616C57A}.Trial|Any CPU.Build.0 = Trial|Any CPU
		{69A9A202-7437-45D6-B2D7-2B99B616C57A}.Trial|Any CPU.Deploy.0 = Trial|Any CPU
		{69A9A202-7437-45D6-B2D7-2B99B616C57A}.Trial|ARM.ActiveCfg = Trial|ARM
		{69A9A202-7437-45D6-B2D7-2B99B616C57A}.Trial|ARM.Build.0 = Trial|ARM
		{69A9A202-7437-45D6-B2D7-2B99B616C57A}.Trial|ARM.Deploy.0 = Trial|ARM
		{69A9A202-7437-45D6-B2D7-2B99B616C57A}.Trial|iPhone.ActiveCfg = Trial|Any CPU
		{69A9A202-7437-45D6-B2D7-2B99B616C57A}.Trial|iPhone.Build.0 = Trial|Any CPU
		{69A9A202-7437-45D6-B2D7-2B99B616C57A}.Trial|iPhone.Deploy.0 = Trial|Any CPU
		{69A9A202-7437-45D6-B2D7-2B99B616C57A}.Trial|iPhoneSimulator.ActiveCfg = Trial|Any CPU
		{69A9A202-7437-45D6-B2D7-2B99B616C57A}.Trial|iPhoneSimulator.Build.0 = Trial|Any CPU
		{69A9A202-7437-45D6-B2D7-2B99B616C57A}.Trial|iPhoneSimulator.Deploy.0 = Trial|Any CPU
		{69A9A202-7437-45D6-B2D7-2B99B616C57A}.Trial|x64.ActiveCfg = Trial|Any CPU
		{69A9A202-7437-45D6-B2D7-2B99B616C57A}.Trial|x64.Build.0 = Trial|Any CPU
		{69A9A202-7437-45D6-B2D7-2B99B616C57A}.Trial|x64.Deploy.0 = Trial|Any CPU
		{69A9A202-7437-45D6-B2D7-2B99B616C57A}.Trial|x86.ActiveCfg = Trial|x86
		{69A9A202-7437-45D6-B2D7-2B99B616C57A}.Trial|x86.Build.0 = Trial|x86
		{69A9A202-7437-45D6-B2D7-2B99B616C57A}.Trial|x86.Deploy.0 = Trial|x86
		{1E12D209-54E5-4232-B9A6-6A9BBBA82F6C}.Ad-Hoc|Any CPU.ActiveCfg = Trial|Any CPU
		{1E12D209-54E5-4232-B9A6-6A9BBBA82F6C}.Ad-Hoc|Any CPU.Build.0 = Trial|Any CPU
		{1E12D209-54E5-4232-B9A6-6A9BBBA82F6C}.Ad-Hoc|ARM.ActiveCfg = Trial|Any CPU
		{1E12D209-54E5-4232-B9A6-6A9BBBA82F6C}.Ad-Hoc|ARM.Build.0 = Trial|Any CPU
		{1E12D209-54E5-4232-B9A6-6A9BBBA82F6C}.Ad-Hoc|iPhone.ActiveCfg = Trial|Any CPU
		{1E12D209-54E5-4232-B9A6-6A9BBBA82F6C}.Ad-Hoc|iPhone.Build.0 = Trial|Any CPU
		{1E12D209-54E5-4232-B9A6-6A9BBBA82F6C}.Ad-Hoc|iPhoneSimulator.ActiveCfg = Trial|Any CPU
		{1E12D209-54E5-4232-B9A6-6A9BBBA82F6C}.Ad-Hoc|iPhoneSimulator.Build.0 = Trial|Any CPU
		{1E12D209-54E5-4232-B9A6-6A9BBBA82F6C}.Ad-Hoc|x64.ActiveCfg = Trial|Any CPU
		{1E12D209-54E5-4232-B9A6-6A9BBBA82F6C}.Ad-Hoc|x64.Build.0 = Trial|Any CPU
		{1E12D209-54E5-4232-B9A6-6A9BBBA82F6C}.Ad-Hoc|x86.ActiveCfg = Trial|Any CPU
		{1E12D209-54E5-4232-B9A6-6A9BBBA82F6C}.Ad-Hoc|x86.Build.0 = Trial|Any CPU
		{1E12D209-54E5-4232-B9A6-6A9BBBA82F6C}.AppStore|Any CPU.ActiveCfg = Trial|Any CPU
		{1E12D209-54E5-4232-B9A6-6A9BBBA82F6C}.AppStore|Any CPU.Build.0 = Trial|Any CPU
		{1E12D209-54E5-4232-B9A6-6A9BBBA82F6C}.AppStore|ARM.ActiveCfg = Trial|Any CPU
		{1E12D209-54E5-4232-B9A6-6A9BBBA82F6C}.AppStore|ARM.Build.0 = Trial|Any CPU
		{1E12D209-54E5-4232-B9A6-6A9BBBA82F6C}.AppStore|iPhone.ActiveCfg = Trial|Any CPU
		{1E12D209-54E5-4232-B9A6-6A9BBBA82F6C}.AppStore|iPhone.Build.0 = Trial|Any CPU
		{1E12D209-54E5-4232-B9A6-6A9BBBA82F6C}.AppStore|iPhoneSimulator.ActiveCfg = Trial|Any CPU
		{1E12D209-54E5-4232-B9A6-6A9BBBA82F6C}.AppStore|iPhoneSimulator.Build.0 = Trial|Any CPU
		{1E12D209-54E5-4232-B9A6-6A9BBBA82F6C}.AppStore|x64.ActiveCfg = Trial|Any CPU
		{1E12D209-54E5-4232-B9A6-6A9BBBA82F6C}.AppStore|x64.Build.0 = Trial|Any CPU
		{1E12D209-54E5-4232-B9A6-6A9BBBA82F6C}.AppStore|x86.ActiveCfg = Trial|Any CPU
		{1E12D209-54E5-4232-B9A6-6A9BBBA82F6C}.AppStore|x86.Build.0 = Trial|Any CPU
		{1E12D209-54E5-4232-B9A6-6A9BBBA82F6C}.Debug|Any CPU.ActiveCfg = Debug|Any CPU
		{1E12D209-54E5-4232-B9A6-6A9BBBA82F6C}.Debug|Any CPU.Build.0 = Debug|Any CPU
		{1E12D209-54E5-4232-B9A6-6A9BBBA82F6C}.Debug|ARM.ActiveCfg = Debug|Any CPU
		{1E12D209-54E5-4232-B9A6-6A9BBBA82F6C}.Debug|ARM.Build.0 = Debug|Any CPU
		{1E12D209-54E5-4232-B9A6-6A9BBBA82F6C}.Debug|iPhone.ActiveCfg = Debug|Any CPU
		{1E12D209-54E5-4232-B9A6-6A9BBBA82F6C}.Debug|iPhone.Build.0 = Debug|Any CPU
		{1E12D209-54E5-4232-B9A6-6A9BBBA82F6C}.Debug|iPhoneSimulator.ActiveCfg = Debug|Any CPU
		{1E12D209-54E5-4232-B9A6-6A9BBBA82F6C}.Debug|iPhoneSimulator.Build.0 = Debug|Any CPU
		{1E12D209-54E5-4232-B9A6-6A9BBBA82F6C}.Debug|x64.ActiveCfg = Debug|Any CPU
		{1E12D209-54E5-4232-B9A6-6A9BBBA82F6C}.Debug|x64.Build.0 = Debug|Any CPU
		{1E12D209-54E5-4232-B9A6-6A9BBBA82F6C}.Debug|x86.ActiveCfg = Debug|Any CPU
		{1E12D209-54E5-4232-B9A6-6A9BBBA82F6C}.Debug|x86.Build.0 = Debug|Any CPU
		{1E12D209-54E5-4232-B9A6-6A9BBBA82F6C}.Release|Any CPU.ActiveCfg = Release|Any CPU
		{1E12D209-54E5-4232-B9A6-6A9BBBA82F6C}.Release|Any CPU.Build.0 = Release|Any CPU
		{1E12D209-54E5-4232-B9A6-6A9BBBA82F6C}.Release|ARM.ActiveCfg = Release|Any CPU
		{1E12D209-54E5-4232-B9A6-6A9BBBA82F6C}.Release|ARM.Build.0 = Release|Any CPU
		{1E12D209-54E5-4232-B9A6-6A9BBBA82F6C}.Release|iPhone.ActiveCfg = Release|Any CPU
		{1E12D209-54E5-4232-B9A6-6A9BBBA82F6C}.Release|iPhone.Build.0 = Release|Any CPU
		{1E12D209-54E5-4232-B9A6-6A9BBBA82F6C}.Release|iPhoneSimulator.ActiveCfg = Release|Any CPU
		{1E12D209-54E5-4232-B9A6-6A9BBBA82F6C}.Release|iPhoneSimulator.Build.0 = Release|Any CPU
		{1E12D209-54E5-4232-B9A6-6A9BBBA82F6C}.Release|x64.ActiveCfg = Release|Any CPU
		{1E12D209-54E5-4232-B9A6-6A9BBBA82F6C}.Release|x64.Build.0 = Release|Any CPU
		{1E12D209-54E5-4232-B9A6-6A9BBBA82F6C}.Release|x86.ActiveCfg = Release|Any CPU
		{1E12D209-54E5-4232-B9A6-6A9BBBA82F6C}.Release|x86.Build.0 = Release|Any CPU
		{1E12D209-54E5-4232-B9A6-6A9BBBA82F6C}.Trial|Any CPU.ActiveCfg = Trial|Any CPU
		{1E12D209-54E5-4232-B9A6-6A9BBBA82F6C}.Trial|Any CPU.Build.0 = Trial|Any CPU
		{1E12D209-54E5-4232-B9A6-6A9BBBA82F6C}.Trial|ARM.ActiveCfg = Trial|Any CPU
		{1E12D209-54E5-4232-B9A6-6A9BBBA82F6C}.Trial|ARM.Build.0 = Trial|Any CPU
		{1E12D209-54E5-4232-B9A6-6A9BBBA82F6C}.Trial|iPhone.ActiveCfg = Trial|Any CPU
		{1E12D209-54E5-4232-B9A6-6A9BBBA82F6C}.Trial|iPhone.Build.0 = Trial|Any CPU
		{1E12D209-54E5-4232-B9A6-6A9BBBA82F6C}.Trial|iPhoneSimulator.ActiveCfg = Trial|Any CPU
		{1E12D209-54E5-4232-B9A6-6A9BBBA82F6C}.Trial|iPhoneSimulator.Build.0 = Trial|Any CPU
		{1E12D209-54E5-4232-B9A6-6A9BBBA82F6C}.Trial|x64.ActiveCfg = Trial|Any CPU
		{1E12D209-54E5-4232-B9A6-6A9BBBA82F6C}.Trial|x64.Build.0 = Trial|Any CPU
		{1E12D209-54E5-4232-B9A6-6A9BBBA82F6C}.Trial|x86.ActiveCfg = Trial|Any CPU
		{1E12D209-54E5-4232-B9A6-6A9BBBA82F6C}.Trial|x86.Build.0 = Trial|Any CPU
		{67F9D3A8-F71E-4428-913F-C37AE82CDB24}.Ad-Hoc|Any CPU.ActiveCfg = Trial|Any CPU
		{67F9D3A8-F71E-4428-913F-C37AE82CDB24}.Ad-Hoc|Any CPU.Build.0 = Trial|Any CPU
		{67F9D3A8-F71E-4428-913F-C37AE82CDB24}.Ad-Hoc|ARM.ActiveCfg = Trial|Any CPU
		{67F9D3A8-F71E-4428-913F-C37AE82CDB24}.Ad-Hoc|ARM.Build.0 = Trial|Any CPU
		{67F9D3A8-F71E-4428-913F-C37AE82CDB24}.Ad-Hoc|iPhone.ActiveCfg = Trial|Any CPU
		{67F9D3A8-F71E-4428-913F-C37AE82CDB24}.Ad-Hoc|iPhone.Build.0 = Trial|Any CPU
		{67F9D3A8-F71E-4428-913F-C37AE82CDB24}.Ad-Hoc|iPhoneSimulator.ActiveCfg = Trial|Any CPU
		{67F9D3A8-F71E-4428-913F-C37AE82CDB24}.Ad-Hoc|iPhoneSimulator.Build.0 = Trial|Any CPU
		{67F9D3A8-F71E-4428-913F-C37AE82CDB24}.Ad-Hoc|x64.ActiveCfg = Release|Any CPU
		{67F9D3A8-F71E-4428-913F-C37AE82CDB24}.Ad-Hoc|x64.Build.0 = Release|Any CPU
		{67F9D3A8-F71E-4428-913F-C37AE82CDB24}.Ad-Hoc|x86.ActiveCfg = Trial|Any CPU
		{67F9D3A8-F71E-4428-913F-C37AE82CDB24}.Ad-Hoc|x86.Build.0 = Trial|Any CPU
		{67F9D3A8-F71E-4428-913F-C37AE82CDB24}.AppStore|Any CPU.ActiveCfg = Trial|Any CPU
		{67F9D3A8-F71E-4428-913F-C37AE82CDB24}.AppStore|Any CPU.Build.0 = Trial|Any CPU
		{67F9D3A8-F71E-4428-913F-C37AE82CDB24}.AppStore|ARM.ActiveCfg = Trial|Any CPU
		{67F9D3A8-F71E-4428-913F-C37AE82CDB24}.AppStore|ARM.Build.0 = Trial|Any CPU
		{67F9D3A8-F71E-4428-913F-C37AE82CDB24}.AppStore|iPhone.ActiveCfg = Trial|Any CPU
		{67F9D3A8-F71E-4428-913F-C37AE82CDB24}.AppStore|iPhone.Build.0 = Trial|Any CPU
		{67F9D3A8-F71E-4428-913F-C37AE82CDB24}.AppStore|iPhoneSimulator.ActiveCfg = Trial|Any CPU
		{67F9D3A8-F71E-4428-913F-C37AE82CDB24}.AppStore|iPhoneSimulator.Build.0 = Trial|Any CPU
		{67F9D3A8-F71E-4428-913F-C37AE82CDB24}.AppStore|x64.ActiveCfg = Release|Any CPU
		{67F9D3A8-F71E-4428-913F-C37AE82CDB24}.AppStore|x64.Build.0 = Release|Any CPU
		{67F9D3A8-F71E-4428-913F-C37AE82CDB24}.AppStore|x86.ActiveCfg = Trial|Any CPU
		{67F9D3A8-F71E-4428-913F-C37AE82CDB24}.AppStore|x86.Build.0 = Trial|Any CPU
		{67F9D3A8-F71E-4428-913F-C37AE82CDB24}.Debug|Any CPU.ActiveCfg = Debug|Any CPU
		{67F9D3A8-F71E-4428-913F-C37AE82CDB24}.Debug|Any CPU.Build.0 = Debug|Any CPU
		{67F9D3A8-F71E-4428-913F-C37AE82CDB24}.Debug|ARM.ActiveCfg = Debug|Any CPU
		{67F9D3A8-F71E-4428-913F-C37AE82CDB24}.Debug|ARM.Build.0 = Debug|Any CPU
		{67F9D3A8-F71E-4428-913F-C37AE82CDB24}.Debug|iPhone.ActiveCfg = Debug|Any CPU
		{67F9D3A8-F71E-4428-913F-C37AE82CDB24}.Debug|iPhone.Build.0 = Debug|Any CPU
		{67F9D3A8-F71E-4428-913F-C37AE82CDB24}.Debug|iPhoneSimulator.ActiveCfg = Debug|Any CPU
		{67F9D3A8-F71E-4428-913F-C37AE82CDB24}.Debug|iPhoneSimulator.Build.0 = Debug|Any CPU
		{67F9D3A8-F71E-4428-913F-C37AE82CDB24}.Debug|x64.ActiveCfg = Debug|Any CPU
		{67F9D3A8-F71E-4428-913F-C37AE82CDB24}.Debug|x64.Build.0 = Debug|Any CPU
		{67F9D3A8-F71E-4428-913F-C37AE82CDB24}.Debug|x86.ActiveCfg = Debug|Any CPU
		{67F9D3A8-F71E-4428-913F-C37AE82CDB24}.Debug|x86.Build.0 = Debug|Any CPU
		{67F9D3A8-F71E-4428-913F-C37AE82CDB24}.Release|Any CPU.ActiveCfg = Release|Any CPU
		{67F9D3A8-F71E-4428-913F-C37AE82CDB24}.Release|Any CPU.Build.0 = Release|Any CPU
		{67F9D3A8-F71E-4428-913F-C37AE82CDB24}.Release|ARM.ActiveCfg = Release|Any CPU
		{67F9D3A8-F71E-4428-913F-C37AE82CDB24}.Release|ARM.Build.0 = Release|Any CPU
		{67F9D3A8-F71E-4428-913F-C37AE82CDB24}.Release|iPhone.ActiveCfg = Release|Any CPU
		{67F9D3A8-F71E-4428-913F-C37AE82CDB24}.Release|iPhone.Build.0 = Release|Any CPU
		{67F9D3A8-F71E-4428-913F-C37AE82CDB24}.Release|iPhoneSimulator.ActiveCfg = Release|Any CPU
		{67F9D3A8-F71E-4428-913F-C37AE82CDB24}.Release|iPhoneSimulator.Build.0 = Release|Any CPU
		{67F9D3A8-F71E-4428-913F-C37AE82CDB24}.Release|x64.ActiveCfg = Release|Any CPU
		{67F9D3A8-F71E-4428-913F-C37AE82CDB24}.Release|x64.Build.0 = Release|Any CPU
		{67F9D3A8-F71E-4428-913F-C37AE82CDB24}.Release|x86.ActiveCfg = Release|Any CPU
		{67F9D3A8-F71E-4428-913F-C37AE82CDB24}.Release|x86.Build.0 = Release|Any CPU
		{67F9D3A8-F71E-4428-913F-C37AE82CDB24}.Trial|Any CPU.ActiveCfg = Trial|Any CPU
		{67F9D3A8-F71E-4428-913F-C37AE82CDB24}.Trial|Any CPU.Build.0 = Trial|Any CPU
		{67F9D3A8-F71E-4428-913F-C37AE82CDB24}.Trial|ARM.ActiveCfg = Trial|Any CPU
		{67F9D3A8-F71E-4428-913F-C37AE82CDB24}.Trial|ARM.Build.0 = Trial|Any CPU
		{67F9D3A8-F71E-4428-913F-C37AE82CDB24}.Trial|iPhone.ActiveCfg = Trial|Any CPU
		{67F9D3A8-F71E-4428-913F-C37AE82CDB24}.Trial|iPhone.Build.0 = Trial|Any CPU
		{67F9D3A8-F71E-4428-913F-C37AE82CDB24}.Trial|iPhoneSimulator.ActiveCfg = Trial|Any CPU
		{67F9D3A8-F71E-4428-913F-C37AE82CDB24}.Trial|iPhoneSimulator.Build.0 = Trial|Any CPU
		{67F9D3A8-F71E-4428-913F-C37AE82CDB24}.Trial|x64.ActiveCfg = Trial|Any CPU
		{67F9D3A8-F71E-4428-913F-C37AE82CDB24}.Trial|x64.Build.0 = Trial|Any CPU
		{67F9D3A8-F71E-4428-913F-C37AE82CDB24}.Trial|x86.ActiveCfg = Trial|Any CPU
		{67F9D3A8-F71E-4428-913F-C37AE82CDB24}.Trial|x86.Build.0 = Trial|Any CPU
		{0B4D639A-8850-414E-8445-9E878A068121}.Ad-Hoc|Any CPU.ActiveCfg = Release|Any CPU
		{0B4D639A-8850-414E-8445-9E878A068121}.Ad-Hoc|Any CPU.Build.0 = Release|Any CPU
		{0B4D639A-8850-414E-8445-9E878A068121}.Ad-Hoc|ARM.ActiveCfg = Release|ARM
		{0B4D639A-8850-414E-8445-9E878A068121}.Ad-Hoc|ARM.Build.0 = Release|ARM
		{0B4D639A-8850-414E-8445-9E878A068121}.Ad-Hoc|iPhone.ActiveCfg = Release|Any CPU
		{0B4D639A-8850-414E-8445-9E878A068121}.Ad-Hoc|iPhone.Build.0 = Release|Any CPU
		{0B4D639A-8850-414E-8445-9E878A068121}.Ad-Hoc|iPhoneSimulator.ActiveCfg = Release|Any CPU
		{0B4D639A-8850-414E-8445-9E878A068121}.Ad-Hoc|iPhoneSimulator.Build.0 = Release|Any CPU
		{0B4D639A-8850-414E-8445-9E878A068121}.Ad-Hoc|x64.ActiveCfg = Release|x64
		{0B4D639A-8850-414E-8445-9E878A068121}.Ad-Hoc|x64.Build.0 = Release|x64
		{0B4D639A-8850-414E-8445-9E878A068121}.Ad-Hoc|x86.ActiveCfg = Release|x86
		{0B4D639A-8850-414E-8445-9E878A068121}.Ad-Hoc|x86.Build.0 = Release|x86
		{0B4D639A-8850-414E-8445-9E878A068121}.AppStore|Any CPU.ActiveCfg = Release|Any CPU
		{0B4D639A-8850-414E-8445-9E878A068121}.AppStore|Any CPU.Build.0 = Release|Any CPU
		{0B4D639A-8850-414E-8445-9E878A068121}.AppStore|ARM.ActiveCfg = Release|ARM
		{0B4D639A-8850-414E-8445-9E878A068121}.AppStore|ARM.Build.0 = Release|ARM
		{0B4D639A-8850-414E-8445-9E878A068121}.AppStore|iPhone.ActiveCfg = Release|Any CPU
		{0B4D639A-8850-414E-8445-9E878A068121}.AppStore|iPhone.Build.0 = Release|Any CPU
		{0B4D639A-8850-414E-8445-9E878A068121}.AppStore|iPhoneSimulator.ActiveCfg = Release|Any CPU
		{0B4D639A-8850-414E-8445-9E878A068121}.AppStore|iPhoneSimulator.Build.0 = Release|Any CPU
		{0B4D639A-8850-414E-8445-9E878A068121}.AppStore|x64.ActiveCfg = Release|x64
		{0B4D639A-8850-414E-8445-9E878A068121}.AppStore|x64.Build.0 = Release|x64
		{0B4D639A-8850-414E-8445-9E878A068121}.AppStore|x86.ActiveCfg = Release|x86
		{0B4D639A-8850-414E-8445-9E878A068121}.AppStore|x86.Build.0 = Release|x86
		{0B4D639A-8850-414E-8445-9E878A068121}.Debug|Any CPU.ActiveCfg = Debug|Any CPU
		{0B4D639A-8850-414E-8445-9E878A068121}.Debug|Any CPU.Build.0 = Debug|Any CPU
		{0B4D639A-8850-414E-8445-9E878A068121}.Debug|ARM.ActiveCfg = Debug|ARM
		{0B4D639A-8850-414E-8445-9E878A068121}.Debug|ARM.Build.0 = Debug|ARM
		{0B4D639A-8850-414E-8445-9E878A068121}.Debug|iPhone.ActiveCfg = Debug|Any CPU
		{0B4D639A-8850-414E-8445-9E878A068121}.Debug|iPhone.Build.0 = Debug|Any CPU
		{0B4D639A-8850-414E-8445-9E878A068121}.Debug|iPhoneSimulator.ActiveCfg = Debug|Any CPU
		{0B4D639A-8850-414E-8445-9E878A068121}.Debug|iPhoneSimulator.Build.0 = Debug|Any CPU
		{0B4D639A-8850-414E-8445-9E878A068121}.Debug|x64.ActiveCfg = Debug|x64
		{0B4D639A-8850-414E-8445-9E878A068121}.Debug|x64.Build.0 = Debug|x64
		{0B4D639A-8850-414E-8445-9E878A068121}.Debug|x86.ActiveCfg = Debug|x86
		{0B4D639A-8850-414E-8445-9E878A068121}.Debug|x86.Build.0 = Debug|x86
		{0B4D639A-8850-414E-8445-9E878A068121}.Release|Any CPU.ActiveCfg = Release|Any CPU
		{0B4D639A-8850-414E-8445-9E878A068121}.Release|Any CPU.Build.0 = Release|Any CPU
		{0B4D639A-8850-414E-8445-9E878A068121}.Release|ARM.ActiveCfg = Release|ARM
		{0B4D639A-8850-414E-8445-9E878A068121}.Release|ARM.Build.0 = Release|ARM
		{0B4D639A-8850-414E-8445-9E878A068121}.Release|iPhone.ActiveCfg = Release|Any CPU
		{0B4D639A-8850-414E-8445-9E878A068121}.Release|iPhone.Build.0 = Release|Any CPU
		{0B4D639A-8850-414E-8445-9E878A068121}.Release|iPhoneSimulator.ActiveCfg = Release|Any CPU
		{0B4D639A-8850-414E-8445-9E878A068121}.Release|iPhoneSimulator.Build.0 = Release|Any CPU
		{0B4D639A-8850-414E-8445-9E878A068121}.Release|x64.ActiveCfg = Release|x64
		{0B4D639A-8850-414E-8445-9E878A068121}.Release|x64.Build.0 = Release|x64
		{0B4D639A-8850-414E-8445-9E878A068121}.Release|x86.ActiveCfg = Release|x86
		{0B4D639A-8850-414E-8445-9E878A068121}.Release|x86.Build.0 = Release|x86
		{0B4D639A-8850-414E-8445-9E878A068121}.Trial|Any CPU.ActiveCfg = Release|Any CPU
		{0B4D639A-8850-414E-8445-9E878A068121}.Trial|Any CPU.Build.0 = Release|Any CPU
		{0B4D639A-8850-414E-8445-9E878A068121}.Trial|ARM.ActiveCfg = Release|ARM
		{0B4D639A-8850-414E-8445-9E878A068121}.Trial|ARM.Build.0 = Release|ARM
		{0B4D639A-8850-414E-8445-9E878A068121}.Trial|iPhone.ActiveCfg = Release|Any CPU
		{0B4D639A-8850-414E-8445-9E878A068121}.Trial|iPhone.Build.0 = Release|Any CPU
		{0B4D639A-8850-414E-8445-9E878A068121}.Trial|iPhoneSimulator.ActiveCfg = Release|Any CPU
		{0B4D639A-8850-414E-8445-9E878A068121}.Trial|iPhoneSimulator.Build.0 = Release|Any CPU
		{0B4D639A-8850-414E-8445-9E878A068121}.Trial|x64.ActiveCfg = Release|x64
		{0B4D639A-8850-414E-8445-9E878A068121}.Trial|x64.Build.0 = Release|x64
		{0B4D639A-8850-414E-8445-9E878A068121}.Trial|x86.ActiveCfg = Release|x86
		{0B4D639A-8850-414E-8445-9E878A068121}.Trial|x86.Build.0 = Release|x86
		{FFC8BE26-7C10-44C9-822B-A0F7BD2964C2}.Ad-Hoc|Any CPU.ActiveCfg = Release|Any CPU
		{FFC8BE26-7C10-44C9-822B-A0F7BD2964C2}.Ad-Hoc|Any CPU.Build.0 = Release|Any CPU
		{FFC8BE26-7C10-44C9-822B-A0F7BD2964C2}.Ad-Hoc|ARM.ActiveCfg = Release|ARM
		{FFC8BE26-7C10-44C9-822B-A0F7BD2964C2}.Ad-Hoc|ARM.Build.0 = Release|ARM
		{FFC8BE26-7C10-44C9-822B-A0F7BD2964C2}.Ad-Hoc|iPhone.ActiveCfg = Release|Any CPU
		{FFC8BE26-7C10-44C9-822B-A0F7BD2964C2}.Ad-Hoc|iPhone.Build.0 = Release|Any CPU
		{FFC8BE26-7C10-44C9-822B-A0F7BD2964C2}.Ad-Hoc|iPhoneSimulator.ActiveCfg = Release|Any CPU
		{FFC8BE26-7C10-44C9-822B-A0F7BD2964C2}.Ad-Hoc|iPhoneSimulator.Build.0 = Release|Any CPU
		{FFC8BE26-7C10-44C9-822B-A0F7BD2964C2}.Ad-Hoc|x64.ActiveCfg = Release|Any CPU
		{FFC8BE26-7C10-44C9-822B-A0F7BD2964C2}.Ad-Hoc|x64.Build.0 = Release|Any CPU
		{FFC8BE26-7C10-44C9-822B-A0F7BD2964C2}.Ad-Hoc|x86.ActiveCfg = Release|x86
		{FFC8BE26-7C10-44C9-822B-A0F7BD2964C2}.Ad-Hoc|x86.Build.0 = Release|x86
		{FFC8BE26-7C10-44C9-822B-A0F7BD2964C2}.AppStore|Any CPU.ActiveCfg = Release|Any CPU
		{FFC8BE26-7C10-44C9-822B-A0F7BD2964C2}.AppStore|Any CPU.Build.0 = Release|Any CPU
		{FFC8BE26-7C10-44C9-822B-A0F7BD2964C2}.AppStore|ARM.ActiveCfg = Release|ARM
		{FFC8BE26-7C10-44C9-822B-A0F7BD2964C2}.AppStore|ARM.Build.0 = Release|ARM
		{FFC8BE26-7C10-44C9-822B-A0F7BD2964C2}.AppStore|iPhone.ActiveCfg = Release|Any CPU
		{FFC8BE26-7C10-44C9-822B-A0F7BD2964C2}.AppStore|iPhone.Build.0 = Release|Any CPU
		{FFC8BE26-7C10-44C9-822B-A0F7BD2964C2}.AppStore|iPhoneSimulator.ActiveCfg = Release|Any CPU
		{FFC8BE26-7C10-44C9-822B-A0F7BD2964C2}.AppStore|iPhoneSimulator.Build.0 = Release|Any CPU
		{FFC8BE26-7C10-44C9-822B-A0F7BD2964C2}.AppStore|x64.ActiveCfg = Release|Any CPU
		{FFC8BE26-7C10-44C9-822B-A0F7BD2964C2}.AppStore|x64.Build.0 = Release|Any CPU
		{FFC8BE26-7C10-44C9-822B-A0F7BD2964C2}.AppStore|x86.ActiveCfg = Release|x86
		{FFC8BE26-7C10-44C9-822B-A0F7BD2964C2}.AppStore|x86.Build.0 = Release|x86
		{FFC8BE26-7C10-44C9-822B-A0F7BD2964C2}.Debug|Any CPU.ActiveCfg = Debug|Any CPU
		{FFC8BE26-7C10-44C9-822B-A0F7BD2964C2}.Debug|Any CPU.Build.0 = Debug|Any CPU
		{FFC8BE26-7C10-44C9-822B-A0F7BD2964C2}.Debug|ARM.ActiveCfg = Debug|ARM
		{FFC8BE26-7C10-44C9-822B-A0F7BD2964C2}.Debug|ARM.Build.0 = Debug|ARM
		{FFC8BE26-7C10-44C9-822B-A0F7BD2964C2}.Debug|iPhone.ActiveCfg = Debug|Any CPU
		{FFC8BE26-7C10-44C9-822B-A0F7BD2964C2}.Debug|iPhone.Build.0 = Debug|Any CPU
		{FFC8BE26-7C10-44C9-822B-A0F7BD2964C2}.Debug|iPhoneSimulator.ActiveCfg = Debug|Any CPU
		{FFC8BE26-7C10-44C9-822B-A0F7BD2964C2}.Debug|iPhoneSimulator.Build.0 = Debug|Any CPU
		{FFC8BE26-7C10-44C9-822B-A0F7BD2964C2}.Debug|x64.ActiveCfg = Debug|Any CPU
		{FFC8BE26-7C10-44C9-822B-A0F7BD2964C2}.Debug|x64.Build.0 = Debug|Any CPU
		{FFC8BE26-7C10-44C9-822B-A0F7BD2964C2}.Debug|x86.ActiveCfg = Debug|x86
		{FFC8BE26-7C10-44C9-822B-A0F7BD2964C2}.Debug|x86.Build.0 = Debug|x86
		{FFC8BE26-7C10-44C9-822B-A0F7BD2964C2}.Release|Any CPU.ActiveCfg = Release|Any CPU
		{FFC8BE26-7C10-44C9-822B-A0F7BD2964C2}.Release|Any CPU.Build.0 = Release|Any CPU
		{FFC8BE26-7C10-44C9-822B-A0F7BD2964C2}.Release|ARM.ActiveCfg = Release|ARM
		{FFC8BE26-7C10-44C9-822B-A0F7BD2964C2}.Release|ARM.Build.0 = Release|ARM
		{FFC8BE26-7C10-44C9-822B-A0F7BD2964C2}.Release|iPhone.ActiveCfg = Release|Any CPU
		{FFC8BE26-7C10-44C9-822B-A0F7BD2964C2}.Release|iPhone.Build.0 = Release|Any CPU
		{FFC8BE26-7C10-44C9-822B-A0F7BD2964C2}.Release|iPhoneSimulator.ActiveCfg = Release|Any CPU
		{FFC8BE26-7C10-44C9-822B-A0F7BD2964C2}.Release|iPhoneSimulator.Build.0 = Release|Any CPU
		{FFC8BE26-7C10-44C9-822B-A0F7BD2964C2}.Release|x64.ActiveCfg = Release|Any CPU
		{FFC8BE26-7C10-44C9-822B-A0F7BD2964C2}.Release|x64.Build.0 = Release|Any CPU
		{FFC8BE26-7C10-44C9-822B-A0F7BD2964C2}.Release|x86.ActiveCfg = Release|x86
		{FFC8BE26-7C10-44C9-822B-A0F7BD2964C2}.Release|x86.Build.0 = Release|x86
		{FFC8BE26-7C10-44C9-822B-A0F7BD2964C2}.Trial|Any CPU.ActiveCfg = Release|Any CPU
		{FFC8BE26-7C10-44C9-822B-A0F7BD2964C2}.Trial|Any CPU.Build.0 = Release|Any CPU
		{FFC8BE26-7C10-44C9-822B-A0F7BD2964C2}.Trial|ARM.ActiveCfg = Release|ARM
		{FFC8BE26-7C10-44C9-822B-A0F7BD2964C2}.Trial|ARM.Build.0 = Release|ARM
		{FFC8BE26-7C10-44C9-822B-A0F7BD2964C2}.Trial|iPhone.ActiveCfg = Release|Any CPU
		{FFC8BE26-7C10-44C9-822B-A0F7BD2964C2}.Trial|iPhone.Build.0 = Release|Any CPU
		{FFC8BE26-7C10-44C9-822B-A0F7BD2964C2}.Trial|iPhoneSimulator.ActiveCfg = Release|Any CPU
		{FFC8BE26-7C10-44C9-822B-A0F7BD2964C2}.Trial|iPhoneSimulator.Build.0 = Release|Any CPU
		{FFC8BE26-7C10-44C9-822B-A0F7BD2964C2}.Trial|x64.ActiveCfg = Release|Any CPU
		{FFC8BE26-7C10-44C9-822B-A0F7BD2964C2}.Trial|x64.Build.0 = Release|Any CPU
		{FFC8BE26-7C10-44C9-822B-A0F7BD2964C2}.Trial|x86.ActiveCfg = Release|x86
		{FFC8BE26-7C10-44C9-822B-A0F7BD2964C2}.Trial|x86.Build.0 = Release|x86
		{D0016A53-862D-4DB9-BF06-07D578A3F141}.Ad-Hoc|Any CPU.ActiveCfg = Release|Any CPU
		{D0016A53-862D-4DB9-BF06-07D578A3F141}.Ad-Hoc|Any CPU.Build.0 = Release|Any CPU
		{D0016A53-862D-4DB9-BF06-07D578A3F141}.Ad-Hoc|ARM.ActiveCfg = Release|Any CPU
		{D0016A53-862D-4DB9-BF06-07D578A3F141}.Ad-Hoc|ARM.Build.0 = Release|Any CPU
		{D0016A53-862D-4DB9-BF06-07D578A3F141}.Ad-Hoc|iPhone.ActiveCfg = Release|Any CPU
		{D0016A53-862D-4DB9-BF06-07D578A3F141}.Ad-Hoc|iPhone.Build.0 = Release|Any CPU
		{D0016A53-862D-4DB9-BF06-07D578A3F141}.Ad-Hoc|iPhoneSimulator.ActiveCfg = Release|Any CPU
		{D0016A53-862D-4DB9-BF06-07D578A3F141}.Ad-Hoc|iPhoneSimulator.Build.0 = Release|Any CPU
		{D0016A53-862D-4DB9-BF06-07D578A3F141}.Ad-Hoc|x64.ActiveCfg = Release|Any CPU
		{D0016A53-862D-4DB9-BF06-07D578A3F141}.Ad-Hoc|x64.Build.0 = Release|Any CPU
		{D0016A53-862D-4DB9-BF06-07D578A3F141}.Ad-Hoc|x86.ActiveCfg = Release|Any CPU
		{D0016A53-862D-4DB9-BF06-07D578A3F141}.Ad-Hoc|x86.Build.0 = Release|Any CPU
		{D0016A53-862D-4DB9-BF06-07D578A3F141}.AppStore|Any CPU.ActiveCfg = Release|Any CPU
		{D0016A53-862D-4DB9-BF06-07D578A3F141}.AppStore|Any CPU.Build.0 = Release|Any CPU
		{D0016A53-862D-4DB9-BF06-07D578A3F141}.AppStore|ARM.ActiveCfg = Release|Any CPU
		{D0016A53-862D-4DB9-BF06-07D578A3F141}.AppStore|ARM.Build.0 = Release|Any CPU
		{D0016A53-862D-4DB9-BF06-07D578A3F141}.AppStore|iPhone.ActiveCfg = Release|Any CPU
		{D0016A53-862D-4DB9-BF06-07D578A3F141}.AppStore|iPhone.Build.0 = Release|Any CPU
		{D0016A53-862D-4DB9-BF06-07D578A3F141}.AppStore|iPhoneSimulator.ActiveCfg = Release|Any CPU
		{D0016A53-862D-4DB9-BF06-07D578A3F141}.AppStore|iPhoneSimulator.Build.0 = Release|Any CPU
		{D0016A53-862D-4DB9-BF06-07D578A3F141}.AppStore|x64.ActiveCfg = Release|Any CPU
		{D0016A53-862D-4DB9-BF06-07D578A3F141}.AppStore|x64.Build.0 = Release|Any CPU
		{D0016A53-862D-4DB9-BF06-07D578A3F141}.AppStore|x86.ActiveCfg = Release|Any CPU
		{D0016A53-862D-4DB9-BF06-07D578A3F141}.AppStore|x86.Build.0 = Release|Any CPU
		{D0016A53-862D-4DB9-BF06-07D578A3F141}.Debug|Any CPU.ActiveCfg = Debug|Any CPU
		{D0016A53-862D-4DB9-BF06-07D578A3F141}.Debug|Any CPU.Build.0 = Debug|Any CPU
		{D0016A53-862D-4DB9-BF06-07D578A3F141}.Debug|ARM.ActiveCfg = Debug|Any CPU
		{D0016A53-862D-4DB9-BF06-07D578A3F141}.Debug|ARM.Build.0 = Debug|Any CPU
		{D0016A53-862D-4DB9-BF06-07D578A3F141}.Debug|iPhone.ActiveCfg = Debug|Any CPU
		{D0016A53-862D-4DB9-BF06-07D578A3F141}.Debug|iPhone.Build.0 = Debug|Any CPU
		{D0016A53-862D-4DB9-BF06-07D578A3F141}.Debug|iPhoneSimulator.ActiveCfg = Debug|Any CPU
		{D0016A53-862D-4DB9-BF06-07D578A3F141}.Debug|iPhoneSimulator.Build.0 = Debug|Any CPU
		{D0016A53-862D-4DB9-BF06-07D578A3F141}.Debug|x64.ActiveCfg = Debug|Any CPU
		{D0016A53-862D-4DB9-BF06-07D578A3F141}.Debug|x64.Build.0 = Debug|Any CPU
		{D0016A53-862D-4DB9-BF06-07D578A3F141}.Debug|x86.ActiveCfg = Debug|Any CPU
		{D0016A53-862D-4DB9-BF06-07D578A3F141}.Debug|x86.Build.0 = Debug|Any CPU
		{D0016A53-862D-4DB9-BF06-07D578A3F141}.Release|Any CPU.ActiveCfg = Release|Any CPU
		{D0016A53-862D-4DB9-BF06-07D578A3F141}.Release|Any CPU.Build.0 = Release|Any CPU
		{D0016A53-862D-4DB9-BF06-07D578A3F141}.Release|ARM.ActiveCfg = Release|Any CPU
		{D0016A53-862D-4DB9-BF06-07D578A3F141}.Release|ARM.Build.0 = Release|Any CPU
		{D0016A53-862D-4DB9-BF06-07D578A3F141}.Release|iPhone.ActiveCfg = Release|Any CPU
		{D0016A53-862D-4DB9-BF06-07D578A3F141}.Release|iPhone.Build.0 = Release|Any CPU
		{D0016A53-862D-4DB9-BF06-07D578A3F141}.Release|iPhoneSimulator.ActiveCfg = Release|Any CPU
		{D0016A53-862D-4DB9-BF06-07D578A3F141}.Release|iPhoneSimulator.Build.0 = Release|Any CPU
		{D0016A53-862D-4DB9-BF06-07D578A3F141}.Release|x64.ActiveCfg = Release|Any CPU
		{D0016A53-862D-4DB9-BF06-07D578A3F141}.Release|x64.Build.0 = Release|Any CPU
		{D0016A53-862D-4DB9-BF06-07D578A3F141}.Release|x86.ActiveCfg = Release|Any CPU
		{D0016A53-862D-4DB9-BF06-07D578A3F141}.Release|x86.Build.0 = Release|Any CPU
		{D0016A53-862D-4DB9-BF06-07D578A3F141}.Trial|Any CPU.ActiveCfg = Release|Any CPU
		{D0016A53-862D-4DB9-BF06-07D578A3F141}.Trial|Any CPU.Build.0 = Release|Any CPU
		{D0016A53-862D-4DB9-BF06-07D578A3F141}.Trial|ARM.ActiveCfg = Release|Any CPU
		{D0016A53-862D-4DB9-BF06-07D578A3F141}.Trial|ARM.Build.0 = Release|Any CPU
		{D0016A53-862D-4DB9-BF06-07D578A3F141}.Trial|iPhone.ActiveCfg = Release|Any CPU
		{D0016A53-862D-4DB9-BF06-07D578A3F141}.Trial|iPhone.Build.0 = Release|Any CPU
		{D0016A53-862D-4DB9-BF06-07D578A3F141}.Trial|iPhoneSimulator.ActiveCfg = Release|Any CPU
		{D0016A53-862D-4DB9-BF06-07D578A3F141}.Trial|iPhoneSimulator.Build.0 = Release|Any CPU
		{D0016A53-862D-4DB9-BF06-07D578A3F141}.Trial|x64.ActiveCfg = Release|Any CPU
		{D0016A53-862D-4DB9-BF06-07D578A3F141}.Trial|x64.Build.0 = Release|Any CPU
		{D0016A53-862D-4DB9-BF06-07D578A3F141}.Trial|x86.ActiveCfg = Release|Any CPU
		{D0016A53-862D-4DB9-BF06-07D578A3F141}.Trial|x86.Build.0 = Release|Any CPU
		{19598581-079F-46C0-8053-B7D31EDE7173}.Ad-Hoc|Any CPU.ActiveCfg = Trial|Any CPU
		{19598581-079F-46C0-8053-B7D31EDE7173}.Ad-Hoc|Any CPU.Build.0 = Trial|Any CPU
		{19598581-079F-46C0-8053-B7D31EDE7173}.Ad-Hoc|ARM.ActiveCfg = Trial|ARM
		{19598581-079F-46C0-8053-B7D31EDE7173}.Ad-Hoc|ARM.Build.0 = Trial|ARM
		{19598581-079F-46C0-8053-B7D31EDE7173}.Ad-Hoc|iPhone.ActiveCfg = Trial|Any CPU
		{19598581-079F-46C0-8053-B7D31EDE7173}.Ad-Hoc|iPhone.Build.0 = Trial|Any CPU
		{19598581-079F-46C0-8053-B7D31EDE7173}.Ad-Hoc|iPhoneSimulator.ActiveCfg = Trial|Any CPU
		{19598581-079F-46C0-8053-B7D31EDE7173}.Ad-Hoc|iPhoneSimulator.Build.0 = Trial|Any CPU
		{19598581-079F-46C0-8053-B7D31EDE7173}.Ad-Hoc|x64.ActiveCfg = Trial|Any CPU
		{19598581-079F-46C0-8053-B7D31EDE7173}.Ad-Hoc|x64.Build.0 = Trial|Any CPU
		{19598581-079F-46C0-8053-B7D31EDE7173}.Ad-Hoc|x86.ActiveCfg = Trial|x86
		{19598581-079F-46C0-8053-B7D31EDE7173}.Ad-Hoc|x86.Build.0 = Trial|x86
		{19598581-079F-46C0-8053-B7D31EDE7173}.AppStore|Any CPU.ActiveCfg = Trial|Any CPU
		{19598581-079F-46C0-8053-B7D31EDE7173}.AppStore|Any CPU.Build.0 = Trial|Any CPU
		{19598581-079F-46C0-8053-B7D31EDE7173}.AppStore|ARM.ActiveCfg = Trial|ARM
		{19598581-079F-46C0-8053-B7D31EDE7173}.AppStore|ARM.Build.0 = Trial|ARM
		{19598581-079F-46C0-8053-B7D31EDE7173}.AppStore|iPhone.ActiveCfg = Trial|Any CPU
		{19598581-079F-46C0-8053-B7D31EDE7173}.AppStore|iPhone.Build.0 = Trial|Any CPU
		{19598581-079F-46C0-8053-B7D31EDE7173}.AppStore|iPhoneSimulator.ActiveCfg = Trial|Any CPU
		{19598581-079F-46C0-8053-B7D31EDE7173}.AppStore|iPhoneSimulator.Build.0 = Trial|Any CPU
		{19598581-079F-46C0-8053-B7D31EDE7173}.AppStore|x64.ActiveCfg = Trial|Any CPU
		{19598581-079F-46C0-8053-B7D31EDE7173}.AppStore|x64.Build.0 = Trial|Any CPU
		{19598581-079F-46C0-8053-B7D31EDE7173}.AppStore|x86.ActiveCfg = Trial|x86
		{19598581-079F-46C0-8053-B7D31EDE7173}.AppStore|x86.Build.0 = Trial|x86
		{19598581-079F-46C0-8053-B7D31EDE7173}.Debug|Any CPU.ActiveCfg = Debug|Any CPU
		{19598581-079F-46C0-8053-B7D31EDE7173}.Debug|Any CPU.Build.0 = Debug|Any CPU
		{19598581-079F-46C0-8053-B7D31EDE7173}.Debug|ARM.ActiveCfg = Debug|ARM
		{19598581-079F-46C0-8053-B7D31EDE7173}.Debug|ARM.Build.0 = Debug|ARM
		{19598581-079F-46C0-8053-B7D31EDE7173}.Debug|iPhone.ActiveCfg = Debug|Any CPU
		{19598581-079F-46C0-8053-B7D31EDE7173}.Debug|iPhone.Build.0 = Debug|Any CPU
		{19598581-079F-46C0-8053-B7D31EDE7173}.Debug|iPhoneSimulator.ActiveCfg = Debug|Any CPU
		{19598581-079F-46C0-8053-B7D31EDE7173}.Debug|iPhoneSimulator.Build.0 = Debug|Any CPU
		{19598581-079F-46C0-8053-B7D31EDE7173}.Debug|x64.ActiveCfg = Debug|Any CPU
		{19598581-079F-46C0-8053-B7D31EDE7173}.Debug|x64.Build.0 = Debug|Any CPU
		{19598581-079F-46C0-8053-B7D31EDE7173}.Debug|x86.ActiveCfg = Debug|x86
		{19598581-079F-46C0-8053-B7D31EDE7173}.Debug|x86.Build.0 = Debug|x86
		{19598581-079F-46C0-8053-B7D31EDE7173}.Release|Any CPU.ActiveCfg = Release|Any CPU
		{19598581-079F-46C0-8053-B7D31EDE7173}.Release|Any CPU.Build.0 = Release|Any CPU
		{19598581-079F-46C0-8053-B7D31EDE7173}.Release|ARM.ActiveCfg = Release|ARM
		{19598581-079F-46C0-8053-B7D31EDE7173}.Release|ARM.Build.0 = Release|ARM
		{19598581-079F-46C0-8053-B7D31EDE7173}.Release|iPhone.ActiveCfg = Release|Any CPU
		{19598581-079F-46C0-8053-B7D31EDE7173}.Release|iPhone.Build.0 = Release|Any CPU
		{19598581-079F-46C0-8053-B7D31EDE7173}.Release|iPhoneSimulator.ActiveCfg = Release|Any CPU
		{19598581-079F-46C0-8053-B7D31EDE7173}.Release|iPhoneSimulator.Build.0 = Release|Any CPU
		{19598581-079F-46C0-8053-B7D31EDE7173}.Release|x64.ActiveCfg = Release|Any CPU
		{19598581-079F-46C0-8053-B7D31EDE7173}.Release|x64.Build.0 = Release|Any CPU
		{19598581-079F-46C0-8053-B7D31EDE7173}.Release|x86.ActiveCfg = Release|x86
		{19598581-079F-46C0-8053-B7D31EDE7173}.Release|x86.Build.0 = Release|x86
		{19598581-079F-46C0-8053-B7D31EDE7173}.Trial|Any CPU.ActiveCfg = Trial|Any CPU
		{19598581-079F-46C0-8053-B7D31EDE7173}.Trial|Any CPU.Build.0 = Trial|Any CPU
		{19598581-079F-46C0-8053-B7D31EDE7173}.Trial|ARM.ActiveCfg = Trial|ARM
		{19598581-079F-46C0-8053-B7D31EDE7173}.Trial|ARM.Build.0 = Trial|ARM
		{19598581-079F-46C0-8053-B7D31EDE7173}.Trial|iPhone.ActiveCfg = Trial|Any CPU
		{19598581-079F-46C0-8053-B7D31EDE7173}.Trial|iPhone.Build.0 = Trial|Any CPU
		{19598581-079F-46C0-8053-B7D31EDE7173}.Trial|iPhoneSimulator.ActiveCfg = Trial|Any CPU
		{19598581-079F-46C0-8053-B7D31EDE7173}.Trial|iPhoneSimulator.Build.0 = Trial|Any CPU
		{19598581-079F-46C0-8053-B7D31EDE7173}.Trial|x64.ActiveCfg = Trial|Any CPU
		{19598581-079F-46C0-8053-B7D31EDE7173}.Trial|x64.Build.0 = Trial|Any CPU
		{19598581-079F-46C0-8053-B7D31EDE7173}.Trial|x86.ActiveCfg = Trial|x86
		{19598581-079F-46C0-8053-B7D31EDE7173}.Trial|x86.Build.0 = Trial|x86
		{CCC8962D-7D22-450B-A460-1845B05E0B4D}.Ad-Hoc|Any CPU.ActiveCfg = Release|x64
		{CCC8962D-7D22-450B-A460-1845B05E0B4D}.Ad-Hoc|Any CPU.Build.0 = Release|x64
		{CCC8962D-7D22-450B-A460-1845B05E0B4D}.Ad-Hoc|Any CPU.Deploy.0 = Release|x64
		{CCC8962D-7D22-450B-A460-1845B05E0B4D}.Ad-Hoc|ARM.ActiveCfg = Release|ARM
		{CCC8962D-7D22-450B-A460-1845B05E0B4D}.Ad-Hoc|ARM.Build.0 = Release|ARM
		{CCC8962D-7D22-450B-A460-1845B05E0B4D}.Ad-Hoc|ARM.Deploy.0 = Release|ARM
		{CCC8962D-7D22-450B-A460-1845B05E0B4D}.Ad-Hoc|iPhone.ActiveCfg = Release|x64
		{CCC8962D-7D22-450B-A460-1845B05E0B4D}.Ad-Hoc|iPhone.Build.0 = Release|x64
		{CCC8962D-7D22-450B-A460-1845B05E0B4D}.Ad-Hoc|iPhone.Deploy.0 = Release|x64
		{CCC8962D-7D22-450B-A460-1845B05E0B4D}.Ad-Hoc|iPhoneSimulator.ActiveCfg = Release|x64
		{CCC8962D-7D22-450B-A460-1845B05E0B4D}.Ad-Hoc|iPhoneSimulator.Build.0 = Release|x64
		{CCC8962D-7D22-450B-A460-1845B05E0B4D}.Ad-Hoc|iPhoneSimulator.Deploy.0 = Release|x64
		{CCC8962D-7D22-450B-A460-1845B05E0B4D}.Ad-Hoc|x64.ActiveCfg = Release|x64
		{CCC8962D-7D22-450B-A460-1845B05E0B4D}.Ad-Hoc|x64.Build.0 = Release|x64
		{CCC8962D-7D22-450B-A460-1845B05E0B4D}.Ad-Hoc|x64.Deploy.0 = Release|x64
		{CCC8962D-7D22-450B-A460-1845B05E0B4D}.Ad-Hoc|x86.ActiveCfg = Release|x86
		{CCC8962D-7D22-450B-A460-1845B05E0B4D}.Ad-Hoc|x86.Build.0 = Release|x86
		{CCC8962D-7D22-450B-A460-1845B05E0B4D}.Ad-Hoc|x86.Deploy.0 = Release|x86
		{CCC8962D-7D22-450B-A460-1845B05E0B4D}.AppStore|Any CPU.ActiveCfg = Release|x64
		{CCC8962D-7D22-450B-A460-1845B05E0B4D}.AppStore|Any CPU.Build.0 = Release|x64
		{CCC8962D-7D22-450B-A460-1845B05E0B4D}.AppStore|Any CPU.Deploy.0 = Release|x64
		{CCC8962D-7D22-450B-A460-1845B05E0B4D}.AppStore|ARM.ActiveCfg = Release|ARM
		{CCC8962D-7D22-450B-A460-1845B05E0B4D}.AppStore|ARM.Build.0 = Release|ARM
		{CCC8962D-7D22-450B-A460-1845B05E0B4D}.AppStore|ARM.Deploy.0 = Release|ARM
		{CCC8962D-7D22-450B-A460-1845B05E0B4D}.AppStore|iPhone.ActiveCfg = Release|x64
		{CCC8962D-7D22-450B-A460-1845B05E0B4D}.AppStore|iPhone.Build.0 = Release|x64
		{CCC8962D-7D22-450B-A460-1845B05E0B4D}.AppStore|iPhone.Deploy.0 = Release|x64
		{CCC8962D-7D22-450B-A460-1845B05E0B4D}.AppStore|iPhoneSimulator.ActiveCfg = Release|x64
		{CCC8962D-7D22-450B-A460-1845B05E0B4D}.AppStore|iPhoneSimulator.Build.0 = Release|x64
		{CCC8962D-7D22-450B-A460-1845B05E0B4D}.AppStore|iPhoneSimulator.Deploy.0 = Release|x64
		{CCC8962D-7D22-450B-A460-1845B05E0B4D}.AppStore|x64.ActiveCfg = Release|x64
		{CCC8962D-7D22-450B-A460-1845B05E0B4D}.AppStore|x64.Build.0 = Release|x64
		{CCC8962D-7D22-450B-A460-1845B05E0B4D}.AppStore|x64.Deploy.0 = Release|x64
		{CCC8962D-7D22-450B-A460-1845B05E0B4D}.AppStore|x86.ActiveCfg = Release|x86
		{CCC8962D-7D22-450B-A460-1845B05E0B4D}.AppStore|x86.Build.0 = Release|x86
		{CCC8962D-7D22-450B-A460-1845B05E0B4D}.AppStore|x86.Deploy.0 = Release|x86
		{CCC8962D-7D22-450B-A460-1845B05E0B4D}.Debug|Any CPU.ActiveCfg = Debug|x86
		{CCC8962D-7D22-450B-A460-1845B05E0B4D}.Debug|Any CPU.Build.0 = Debug|x86
		{CCC8962D-7D22-450B-A460-1845B05E0B4D}.Debug|Any CPU.Deploy.0 = Debug|x86
		{CCC8962D-7D22-450B-A460-1845B05E0B4D}.Debug|ARM.ActiveCfg = Debug|ARM
		{CCC8962D-7D22-450B-A460-1845B05E0B4D}.Debug|ARM.Build.0 = Debug|ARM
		{CCC8962D-7D22-450B-A460-1845B05E0B4D}.Debug|ARM.Deploy.0 = Debug|ARM
		{CCC8962D-7D22-450B-A460-1845B05E0B4D}.Debug|iPhone.ActiveCfg = Debug|x86
		{CCC8962D-7D22-450B-A460-1845B05E0B4D}.Debug|iPhone.Build.0 = Debug|x86
		{CCC8962D-7D22-450B-A460-1845B05E0B4D}.Debug|iPhone.Deploy.0 = Debug|x86
		{CCC8962D-7D22-450B-A460-1845B05E0B4D}.Debug|iPhoneSimulator.ActiveCfg = Debug|x86
		{CCC8962D-7D22-450B-A460-1845B05E0B4D}.Debug|x64.ActiveCfg = Debug|x64
		{CCC8962D-7D22-450B-A460-1845B05E0B4D}.Debug|x64.Build.0 = Debug|x64
		{CCC8962D-7D22-450B-A460-1845B05E0B4D}.Debug|x64.Deploy.0 = Debug|x64
		{CCC8962D-7D22-450B-A460-1845B05E0B4D}.Debug|x86.ActiveCfg = Debug|x86
		{CCC8962D-7D22-450B-A460-1845B05E0B4D}.Debug|x86.Build.0 = Debug|x86
		{CCC8962D-7D22-450B-A460-1845B05E0B4D}.Debug|x86.Deploy.0 = Debug|x86
		{CCC8962D-7D22-450B-A460-1845B05E0B4D}.Release|Any CPU.ActiveCfg = Release|x86
		{CCC8962D-7D22-450B-A460-1845B05E0B4D}.Release|Any CPU.Build.0 = Release|x86
		{CCC8962D-7D22-450B-A460-1845B05E0B4D}.Release|Any CPU.Deploy.0 = Release|x86
		{CCC8962D-7D22-450B-A460-1845B05E0B4D}.Release|ARM.ActiveCfg = Release|ARM
		{CCC8962D-7D22-450B-A460-1845B05E0B4D}.Release|ARM.Build.0 = Release|ARM
		{CCC8962D-7D22-450B-A460-1845B05E0B4D}.Release|ARM.Deploy.0 = Release|ARM
		{CCC8962D-7D22-450B-A460-1845B05E0B4D}.Release|iPhone.ActiveCfg = Release|x86
		{CCC8962D-7D22-450B-A460-1845B05E0B4D}.Release|iPhoneSimulator.ActiveCfg = Release|x86
		{CCC8962D-7D22-450B-A460-1845B05E0B4D}.Release|x64.ActiveCfg = Release|x64
		{CCC8962D-7D22-450B-A460-1845B05E0B4D}.Release|x64.Build.0 = Release|x64
		{CCC8962D-7D22-450B-A460-1845B05E0B4D}.Release|x64.Deploy.0 = Release|x64
		{CCC8962D-7D22-450B-A460-1845B05E0B4D}.Release|x86.ActiveCfg = Release|x86
		{CCC8962D-7D22-450B-A460-1845B05E0B4D}.Release|x86.Build.0 = Release|x86
		{CCC8962D-7D22-450B-A460-1845B05E0B4D}.Release|x86.Deploy.0 = Release|x86
		{CCC8962D-7D22-450B-A460-1845B05E0B4D}.Trial|Any CPU.ActiveCfg = Release|x64
		{CCC8962D-7D22-450B-A460-1845B05E0B4D}.Trial|Any CPU.Build.0 = Release|x64
		{CCC8962D-7D22-450B-A460-1845B05E0B4D}.Trial|Any CPU.Deploy.0 = Release|x64
		{CCC8962D-7D22-450B-A460-1845B05E0B4D}.Trial|ARM.ActiveCfg = Release|ARM
		{CCC8962D-7D22-450B-A460-1845B05E0B4D}.Trial|ARM.Build.0 = Release|ARM
		{CCC8962D-7D22-450B-A460-1845B05E0B4D}.Trial|ARM.Deploy.0 = Release|ARM
		{CCC8962D-7D22-450B-A460-1845B05E0B4D}.Trial|iPhone.ActiveCfg = Release|x64
		{CCC8962D-7D22-450B-A460-1845B05E0B4D}.Trial|iPhone.Build.0 = Release|x64
		{CCC8962D-7D22-450B-A460-1845B05E0B4D}.Trial|iPhone.Deploy.0 = Release|x64
		{CCC8962D-7D22-450B-A460-1845B05E0B4D}.Trial|iPhoneSimulator.ActiveCfg = Release|x64
		{CCC8962D-7D22-450B-A460-1845B05E0B4D}.Trial|iPhoneSimulator.Build.0 = Release|x64
		{CCC8962D-7D22-450B-A460-1845B05E0B4D}.Trial|iPhoneSimulator.Deploy.0 = Release|x64
		{CCC8962D-7D22-450B-A460-1845B05E0B4D}.Trial|x64.ActiveCfg = Release|x64
		{CCC8962D-7D22-450B-A460-1845B05E0B4D}.Trial|x64.Build.0 = Release|x64
		{CCC8962D-7D22-450B-A460-1845B05E0B4D}.Trial|x64.Deploy.0 = Release|x64
		{CCC8962D-7D22-450B-A460-1845B05E0B4D}.Trial|x86.ActiveCfg = Release|x86
		{CCC8962D-7D22-450B-A460-1845B05E0B4D}.Trial|x86.Build.0 = Release|x86
		{CCC8962D-7D22-450B-A460-1845B05E0B4D}.Trial|x86.Deploy.0 = Release|x86
		{6C2810CF-411C-45A4-AE77-8D1839F749C0}.Ad-Hoc|Any CPU.ActiveCfg = Release|Any CPU
		{6C2810CF-411C-45A4-AE77-8D1839F749C0}.Ad-Hoc|Any CPU.Build.0 = Release|Any CPU
		{6C2810CF-411C-45A4-AE77-8D1839F749C0}.Ad-Hoc|ARM.ActiveCfg = Release|Any CPU
		{6C2810CF-411C-45A4-AE77-8D1839F749C0}.Ad-Hoc|ARM.Build.0 = Release|Any CPU
		{6C2810CF-411C-45A4-AE77-8D1839F749C0}.Ad-Hoc|iPhone.ActiveCfg = Release|Any CPU
		{6C2810CF-411C-45A4-AE77-8D1839F749C0}.Ad-Hoc|iPhone.Build.0 = Release|Any CPU
		{6C2810CF-411C-45A4-AE77-8D1839F749C0}.Ad-Hoc|iPhoneSimulator.ActiveCfg = Release|Any CPU
		{6C2810CF-411C-45A4-AE77-8D1839F749C0}.Ad-Hoc|iPhoneSimulator.Build.0 = Release|Any CPU
		{6C2810CF-411C-45A4-AE77-8D1839F749C0}.Ad-Hoc|x64.ActiveCfg = Release|Any CPU
		{6C2810CF-411C-45A4-AE77-8D1839F749C0}.Ad-Hoc|x64.Build.0 = Release|Any CPU
		{6C2810CF-411C-45A4-AE77-8D1839F749C0}.Ad-Hoc|x86.ActiveCfg = Release|Any CPU
		{6C2810CF-411C-45A4-AE77-8D1839F749C0}.Ad-Hoc|x86.Build.0 = Release|Any CPU
		{6C2810CF-411C-45A4-AE77-8D1839F749C0}.AppStore|Any CPU.ActiveCfg = Release|Any CPU
		{6C2810CF-411C-45A4-AE77-8D1839F749C0}.AppStore|Any CPU.Build.0 = Release|Any CPU
		{6C2810CF-411C-45A4-AE77-8D1839F749C0}.AppStore|ARM.ActiveCfg = Release|Any CPU
		{6C2810CF-411C-45A4-AE77-8D1839F749C0}.AppStore|ARM.Build.0 = Release|Any CPU
		{6C2810CF-411C-45A4-AE77-8D1839F749C0}.AppStore|iPhone.ActiveCfg = Release|Any CPU
		{6C2810CF-411C-45A4-AE77-8D1839F749C0}.AppStore|iPhone.Build.0 = Release|Any CPU
		{6C2810CF-411C-45A4-AE77-8D1839F749C0}.AppStore|iPhoneSimulator.ActiveCfg = Release|Any CPU
		{6C2810CF-411C-45A4-AE77-8D1839F749C0}.AppStore|iPhoneSimulator.Build.0 = Release|Any CPU
		{6C2810CF-411C-45A4-AE77-8D1839F749C0}.AppStore|x64.ActiveCfg = Release|Any CPU
		{6C2810CF-411C-45A4-AE77-8D1839F749C0}.AppStore|x64.Build.0 = Release|Any CPU
		{6C2810CF-411C-45A4-AE77-8D1839F749C0}.AppStore|x86.ActiveCfg = Release|Any CPU
		{6C2810CF-411C-45A4-AE77-8D1839F749C0}.AppStore|x86.Build.0 = Release|Any CPU
		{6C2810CF-411C-45A4-AE77-8D1839F749C0}.Debug|Any CPU.ActiveCfg = Debug|Any CPU
		{6C2810CF-411C-45A4-AE77-8D1839F749C0}.Debug|Any CPU.Build.0 = Debug|Any CPU
		{6C2810CF-411C-45A4-AE77-8D1839F749C0}.Debug|ARM.ActiveCfg = Debug|Any CPU
		{6C2810CF-411C-45A4-AE77-8D1839F749C0}.Debug|ARM.Build.0 = Debug|Any CPU
		{6C2810CF-411C-45A4-AE77-8D1839F749C0}.Debug|iPhone.ActiveCfg = Debug|Any CPU
		{6C2810CF-411C-45A4-AE77-8D1839F749C0}.Debug|iPhone.Build.0 = Debug|Any CPU
		{6C2810CF-411C-45A4-AE77-8D1839F749C0}.Debug|iPhoneSimulator.ActiveCfg = Debug|Any CPU
		{6C2810CF-411C-45A4-AE77-8D1839F749C0}.Debug|iPhoneSimulator.Build.0 = Debug|Any CPU
		{6C2810CF-411C-45A4-AE77-8D1839F749C0}.Debug|x64.ActiveCfg = Debug|Any CPU
		{6C2810CF-411C-45A4-AE77-8D1839F749C0}.Debug|x64.Build.0 = Debug|Any CPU
		{6C2810CF-411C-45A4-AE77-8D1839F749C0}.Debug|x86.ActiveCfg = Debug|Any CPU
		{6C2810CF-411C-45A4-AE77-8D1839F749C0}.Debug|x86.Build.0 = Debug|Any CPU
		{6C2810CF-411C-45A4-AE77-8D1839F749C0}.Release|Any CPU.ActiveCfg = Release|Any CPU
		{6C2810CF-411C-45A4-AE77-8D1839F749C0}.Release|Any CPU.Build.0 = Release|Any CPU
		{6C2810CF-411C-45A4-AE77-8D1839F749C0}.Release|ARM.ActiveCfg = Release|Any CPU
		{6C2810CF-411C-45A4-AE77-8D1839F749C0}.Release|ARM.Build.0 = Release|Any CPU
		{6C2810CF-411C-45A4-AE77-8D1839F749C0}.Release|iPhone.ActiveCfg = Release|Any CPU
		{6C2810CF-411C-45A4-AE77-8D1839F749C0}.Release|iPhone.Build.0 = Release|Any CPU
		{6C2810CF-411C-45A4-AE77-8D1839F749C0}.Release|iPhoneSimulator.ActiveCfg = Release|Any CPU
		{6C2810CF-411C-45A4-AE77-8D1839F749C0}.Release|iPhoneSimulator.Build.0 = Release|Any CPU
		{6C2810CF-411C-45A4-AE77-8D1839F749C0}.Release|x64.ActiveCfg = Release|Any CPU
		{6C2810CF-411C-45A4-AE77-8D1839F749C0}.Release|x64.Build.0 = Release|Any CPU
		{6C2810CF-411C-45A4-AE77-8D1839F749C0}.Release|x86.ActiveCfg = Release|Any CPU
		{6C2810CF-411C-45A4-AE77-8D1839F749C0}.Release|x86.Build.0 = Release|Any CPU
		{6C2810CF-411C-45A4-AE77-8D1839F749C0}.Trial|Any CPU.ActiveCfg = Release|Any CPU
		{6C2810CF-411C-45A4-AE77-8D1839F749C0}.Trial|Any CPU.Build.0 = Release|Any CPU
		{6C2810CF-411C-45A4-AE77-8D1839F749C0}.Trial|ARM.ActiveCfg = Release|Any CPU
		{6C2810CF-411C-45A4-AE77-8D1839F749C0}.Trial|ARM.Build.0 = Release|Any CPU
		{6C2810CF-411C-45A4-AE77-8D1839F749C0}.Trial|iPhone.ActiveCfg = Release|Any CPU
		{6C2810CF-411C-45A4-AE77-8D1839F749C0}.Trial|iPhone.Build.0 = Release|Any CPU
		{6C2810CF-411C-45A4-AE77-8D1839F749C0}.Trial|iPhoneSimulator.ActiveCfg = Release|Any CPU
		{6C2810CF-411C-45A4-AE77-8D1839F749C0}.Trial|iPhoneSimulator.Build.0 = Release|Any CPU
		{6C2810CF-411C-45A4-AE77-8D1839F749C0}.Trial|x64.ActiveCfg = Release|Any CPU
		{6C2810CF-411C-45A4-AE77-8D1839F749C0}.Trial|x64.Build.0 = Release|Any CPU
		{6C2810CF-411C-45A4-AE77-8D1839F749C0}.Trial|x86.ActiveCfg = Release|Any CPU
		{6C2810CF-411C-45A4-AE77-8D1839F749C0}.Trial|x86.Build.0 = Release|Any CPU
	EndGlobalSection
	GlobalSection(SolutionProperties) = preSolution
		HideSolutionNode = FALSE
	EndGlobalSection
EndGlobal
