
Microsoft Visual Studio Solution File, Format Version 12.00
# Visual Studio 15
VisualStudioVersion = 15.0.27130.2010
MinimumVisualStudioVersion = 10.0.40219.1
Project("{9A19103F-16F7-4668-BE54-9A1E7A4F7556}") = "Octane.Xamarin.Forms.VideoPlayer", "Octane.Xamarin.Forms.VideoPlayer\Octane.Xamarin.Forms.VideoPlayer.csproj", "{353C7A43-D286-4F96-A221-363157CF20BC}"
EndProject
Project("{FAE04EC0-301F-11D3-BF4B-00C04F79EFBC}") = "Octane.Xamarin.Forms.VideoPlayer.iOS", "Octane.Xamarin.Forms.VideoPlayer.iOS\Octane.Xamarin.Forms.VideoPlayer.iOS.csproj", "{ED8128FF-8AF9-4557-8C4B-94EF5EEDFDC4}"
EndProject
Project("{FAE04EC0-301F-11D3-BF4B-00C04F79EFBC}") = "Octane.Xamarin.Forms.VideoPlayer.Android", "Octane.Xamarin.Forms.VideoPlayer.Android\Octane.Xamarin.Forms.VideoPlayer.Android.csproj", "{EF662DDD-FB2D-4AD0-8441-DDFAD2D2FD16}"
EndProject
Project("{FAE04EC0-301F-11D3-BF4B-00C04F79EFBC}") = "Octane.Xamarin.Forms.VideoPlayer.UWP", "Octane.Xamarin.Forms.VideoPlayer.UWP\Octane.Xamarin.Forms.VideoPlayer.UWP.csproj", "{CC4C0E9A-2E10-4B80-834F-FAEF4BD38B70}"
EndProject
Global
	GlobalSection(SolutionConfigurationPlatforms) = preSolution
		Ad-Hoc|Any CPU = Ad-Hoc|Any CPU
		Ad-Hoc|ARM = Ad-Hoc|ARM
		Ad-Hoc|iPhone = Ad-Hoc|iPhone
		Ad-Hoc|iPhoneSimulator = Ad-Hoc|iPhoneSimulator
		Ad-Hoc|x64 = Ad-Hoc|x64
		Ad-Hoc|x86 = Ad-Hoc|x86
		AppStore|Any CPU = AppStore|Any CPU
		AppStore|ARM = AppStore|ARM
		AppStore|iPhone = AppStore|iPhone
		AppStore|iPhoneSimulator = AppStore|iPhoneSimulator
		AppStore|x64 = AppStore|x64
		AppStore|x86 = AppStore|x86
		Debug|Any CPU = Debug|Any CPU
		Debug|ARM = Debug|ARM
		Debug|iPhone = Debug|iPhone
		Debug|iPhoneSimulator = Debug|iPhoneSimulator
		Debug|x64 = Debug|x64
		Debug|x86 = Debug|x86
		Release|Any CPU = Release|Any CPU
		Release|ARM = Release|ARM
		Release|iPhone = Release|iPhone
		Release|iPhoneSimulator = Release|iPhoneSimulator
		Release|x64 = Release|x64
		Release|x86 = Release|x86
	EndGlobalSection
	GlobalSection(ProjectConfigurationPlatforms) = postSolution
		{353C7A43-D286-4F96-A221-363157CF20BC}.Ad-Hoc|Any CPU.ActiveCfg = Debug|Any CPU
		{353C7A43-D286-4F96-A221-363157CF20BC}.Ad-Hoc|Any CPU.Build.0 = Debug|Any CPU
		{353C7A43-D286-4F96-A221-363157CF20BC}.Ad-Hoc|ARM.ActiveCfg = Debug|Any CPU
		{353C7A43-D286-4F96-A221-363157CF20BC}.Ad-Hoc|ARM.Build.0 = Debug|Any CPU
		{353C7A43-D286-4F96-A221-363157CF20BC}.Ad-Hoc|iPhone.ActiveCfg = Debug|Any CPU
		{353C7A43-D286-4F96-A221-363157CF20BC}.Ad-Hoc|iPhone.Build.0 = Debug|Any CPU
		{353C7A43-D286-4F96-A221-363157CF20BC}.Ad-Hoc|iPhoneSimulator.ActiveCfg = Debug|Any CPU
		{353C7A43-D286-4F96-A221-363157CF20BC}.Ad-Hoc|iPhoneSimulator.Build.0 = Debug|Any CPU
		{353C7A43-D286-4F96-A221-363157CF20BC}.Ad-Hoc|x64.ActiveCfg = Debug|Any CPU
		{353C7A43-D286-4F96-A221-363157CF20BC}.Ad-Hoc|x64.Build.0 = Debug|Any CPU
		{353C7A43-D286-4F96-A221-363157CF20BC}.Ad-Hoc|x86.ActiveCfg = Debug|Any CPU
		{353C7A43-D286-4F96-A221-363157CF20BC}.Ad-Hoc|x86.Build.0 = Debug|Any CPU
		{353C7A43-D286-4F96-A221-363157CF20BC}.AppStore|Any CPU.ActiveCfg = Debug|Any CPU
		{353C7A43-D286-4F96-A221-363157CF20BC}.AppStore|Any CPU.Build.0 = Debug|Any CPU
		{353C7A43-D286-4F96-A221-363157CF20BC}.AppStore|ARM.ActiveCfg = Debug|Any CPU
		{353C7A43-D286-4F96-A221-363157CF20BC}.AppStore|ARM.Build.0 = Debug|Any CPU
		{353C7A43-D286-4F96-A221-363157CF20BC}.AppStore|iPhone.ActiveCfg = Debug|Any CPU
		{353C7A43-D286-4F96-A221-363157CF20BC}.AppStore|iPhone.Build.0 = Debug|Any CPU
		{353C7A43-D286-4F96-A221-363157CF20BC}.AppStore|iPhoneSimulator.ActiveCfg = Debug|Any CPU
		{353C7A43-D286-4F96-A221-363157CF20BC}.AppStore|iPhoneSimulator.Build.0 = Debug|Any CPU
		{353C7A43-D286-4F96-A221-363157CF20BC}.AppStore|x64.ActiveCfg = Debug|Any CPU
		{353C7A43-D286-4F96-A221-363157CF20BC}.AppStore|x64.Build.0 = Debug|Any CPU
		{353C7A43-D286-4F96-A221-363157CF20BC}.AppStore|x86.ActiveCfg = Debug|Any CPU
		{353C7A43-D286-4F96-A221-363157CF20BC}.AppStore|x86.Build.0 = Debug|Any CPU
		{353C7A43-D286-4F96-A221-363157CF20BC}.Debug|Any CPU.ActiveCfg = Debug|Any CPU
		{353C7A43-D286-4F96-A221-363157CF20BC}.Debug|Any CPU.Build.0 = Debug|Any CPU
		{353C7A43-D286-4F96-A221-363157CF20BC}.Debug|ARM.ActiveCfg = Debug|Any CPU
		{353C7A43-D286-4F96-A221-363157CF20BC}.Debug|ARM.Build.0 = Debug|Any CPU
		{353C7A43-D286-4F96-A221-363157CF20BC}.Debug|iPhone.ActiveCfg = Debug|Any CPU
		{353C7A43-D286-4F96-A221-363157CF20BC}.Debug|iPhone.Build.0 = Debug|Any CPU
		{353C7A43-D286-4F96-A221-363157CF20BC}.Debug|iPhoneSimulator.ActiveCfg = Debug|Any CPU
		{353C7A43-D286-4F96-A221-363157CF20BC}.Debug|iPhoneSimulator.Build.0 = Debug|Any CPU
		{353C7A43-D286-4F96-A221-363157CF20BC}.Debug|x64.ActiveCfg = Debug|Any CPU
		{353C7A43-D286-4F96-A221-363157CF20BC}.Debug|x64.Build.0 = Debug|Any CPU
		{353C7A43-D286-4F96-A221-363157CF20BC}.Debug|x86.ActiveCfg = Debug|Any CPU
		{353C7A43-D286-4F96-A221-363157CF20BC}.Debug|x86.Build.0 = Debug|Any CPU
		{353C7A43-D286-4F96-A221-363157CF20BC}.Release|Any CPU.ActiveCfg = Release|Any CPU
		{353C7A43-D286-4F96-A221-363157CF20BC}.Release|Any CPU.Build.0 = Release|Any CPU
		{353C7A43-D286-4F96-A221-363157CF20BC}.Release|ARM.ActiveCfg = Release|Any CPU
		{353C7A43-D286-4F96-A221-363157CF20BC}.Release|ARM.Build.0 = Release|Any CPU
		{353C7A43-D286-4F96-A221-363157CF20BC}.Release|iPhone.ActiveCfg = Release|Any CPU
		{353C7A43-D286-4F96-A221-363157CF20BC}.Release|iPhone.Build.0 = Release|Any CPU
		{353C7A43-D286-4F96-A221-363157CF20BC}.Release|iPhoneSimulator.ActiveCfg = Release|Any CPU
		{353C7A43-D286-4F96-A221-363157CF20BC}.Release|iPhoneSimulator.Build.0 = Release|Any CPU
		{353C7A43-D286-4F96-A221-363157CF20BC}.Release|x64.ActiveCfg = Release|Any CPU
		{353C7A43-D286-4F96-A221-363157CF20BC}.Release|x64.Build.0 = Release|Any CPU
		{353C7A43-D286-4F96-A221-363157CF20BC}.Release|x86.ActiveCfg = Release|Any CPU
		{353C7A43-D286-4F96-A221-363157CF20BC}.Release|x86.Build.0 = Release|Any CPU
		{ED8128FF-8AF9-4557-8C4B-94EF5EEDFDC4}.Ad-Hoc|Any CPU.ActiveCfg = Release|Any CPU
		{ED8128FF-8AF9-4557-8C4B-94EF5EEDFDC4}.Ad-Hoc|Any CPU.Build.0 = Release|Any CPU
		{ED8128FF-8AF9-4557-8C4B-94EF5EEDFDC4}.Ad-Hoc|ARM.ActiveCfg = Release|Any CPU
		{ED8128FF-8AF9-4557-8C4B-94EF5EEDFDC4}.Ad-Hoc|ARM.Build.0 = Release|Any CPU
		{ED8128FF-8AF9-4557-8C4B-94EF5EEDFDC4}.Ad-Hoc|iPhone.ActiveCfg = Release|Any CPU
		{ED8128FF-8AF9-4557-8C4B-94EF5EEDFDC4}.Ad-Hoc|iPhone.Build.0 = Release|Any CPU
		{ED8128FF-8AF9-4557-8C4B-94EF5EEDFDC4}.Ad-Hoc|iPhoneSimulator.ActiveCfg = Release|Any CPU
		{ED8128FF-8AF9-4557-8C4B-94EF5EEDFDC4}.Ad-Hoc|iPhoneSimulator.Build.0 = Release|Any CPU
		{ED8128FF-8AF9-4557-8C4B-94EF5EEDFDC4}.Ad-Hoc|x64.ActiveCfg = Release|Any CPU
		{ED8128FF-8AF9-4557-8C4B-94EF5EEDFDC4}.Ad-Hoc|x64.Build.0 = Release|Any CPU
		{ED8128FF-8AF9-4557-8C4B-94EF5EEDFDC4}.Ad-Hoc|x86.ActiveCfg = Release|Any CPU
		{ED8128FF-8AF9-4557-8C4B-94EF5EEDFDC4}.Ad-Hoc|x86.Build.0 = Release|Any CPU
		{ED8128FF-8AF9-4557-8C4B-94EF5EEDFDC4}.AppStore|Any CPU.ActiveCfg = Release|Any CPU
		{ED8128FF-8AF9-4557-8C4B-94EF5EEDFDC4}.AppStore|Any CPU.Build.0 = Release|Any CPU
		{ED8128FF-8AF9-4557-8C4B-94EF5EEDFDC4}.AppStore|ARM.ActiveCfg = Release|Any CPU
		{ED8128FF-8AF9-4557-8C4B-94EF5EEDFDC4}.AppStore|ARM.Build.0 = Release|Any CPU
		{ED8128FF-8AF9-4557-8C4B-94EF5EEDFDC4}.AppStore|iPhone.ActiveCfg = Release|Any CPU
		{ED8128FF-8AF9-4557-8C4B-94EF5EEDFDC4}.AppStore|iPhone.Build.0 = Release|Any CPU
		{ED8128FF-8AF9-4557-8C4B-94EF5EEDFDC4}.AppStore|iPhoneSimulator.ActiveCfg = Release|Any CPU
		{ED8128FF-8AF9-4557-8C4B-94EF5EEDFDC4}.AppStore|iPhoneSimulator.Build.0 = Release|Any CPU
		{ED8128FF-8AF9-4557-8C4B-94EF5EEDFDC4}.AppStore|x64.ActiveCfg = Release|Any CPU
		{ED8128FF-8AF9-4557-8C4B-94EF5EEDFDC4}.AppStore|x64.Build.0 = Release|Any CPU
		{ED8128FF-8AF9-4557-8C4B-94EF5EEDFDC4}.AppStore|x86.ActiveCfg = Release|Any CPU
		{ED8128FF-8AF9-4557-8C4B-94EF5EEDFDC4}.AppStore|x86.Build.0 = Release|Any CPU
		{ED8128FF-8AF9-4557-8C4B-94EF5EEDFDC4}.Debug|Any CPU.ActiveCfg = Debug|Any CPU
		{ED8128FF-8AF9-4557-8C4B-94EF5EEDFDC4}.Debug|Any CPU.Build.0 = Debug|Any CPU
		{ED8128FF-8AF9-4557-8C4B-94EF5EEDFDC4}.Debug|ARM.ActiveCfg = Debug|Any CPU
		{ED8128FF-8AF9-4557-8C4B-94EF5EEDFDC4}.Debug|ARM.Build.0 = Debug|Any CPU
		{ED8128FF-8AF9-4557-8C4B-94EF5EEDFDC4}.Debug|iPhone.ActiveCfg = Debug|Any CPU
		{ED8128FF-8AF9-4557-8C4B-94EF5EEDFDC4}.Debug|iPhone.Build.0 = Debug|Any CPU
		{ED8128FF-8AF9-4557-8C4B-94EF5EEDFDC4}.Debug|iPhoneSimulator.ActiveCfg = Debug|Any CPU
		{ED8128FF-8AF9-4557-8C4B-94EF5EEDFDC4}.Debug|iPhoneSimulator.Build.0 = Debug|Any CPU
		{ED8128FF-8AF9-4557-8C4B-94EF5EEDFDC4}.Debug|x64.ActiveCfg = Debug|Any CPU
		{ED8128FF-8AF9-4557-8C4B-94EF5EEDFDC4}.Debug|x64.Build.0 = Debug|Any CPU
		{ED8128FF-8AF9-4557-8C4B-94EF5EEDFDC4}.Debug|x86.ActiveCfg = Debug|Any CPU
		{ED8128FF-8AF9-4557-8C4B-94EF5EEDFDC4}.Debug|x86.Build.0 = Debug|Any CPU
		{ED8128FF-8AF9-4557-8C4B-94EF5EEDFDC4}.Release|Any CPU.ActiveCfg = Release|Any CPU
		{ED8128FF-8AF9-4557-8C4B-94EF5EEDFDC4}.Release|Any CPU.Build.0 = Release|Any CPU
		{ED8128FF-8AF9-4557-8C4B-94EF5EEDFDC4}.Release|ARM.ActiveCfg = Release|Any CPU
		{ED8128FF-8AF9-4557-8C4B-94EF5EEDFDC4}.Release|ARM.Build.0 = Release|Any CPU
		{ED8128FF-8AF9-4557-8C4B-94EF5EEDFDC4}.Release|iPhone.ActiveCfg = Release|Any CPU
		{ED8128FF-8AF9-4557-8C4B-94EF5EEDFDC4}.Release|iPhone.Build.0 = Release|Any CPU
		{ED8128FF-8AF9-4557-8C4B-94EF5EEDFDC4}.Release|iPhoneSimulator.ActiveCfg = Release|Any CPU
		{ED8128FF-8AF9-4557-8C4B-94EF5EEDFDC4}.Release|iPhoneSimulator.Build.0 = Release|Any CPU
		{ED8128FF-8AF9-4557-8C4B-94EF5EEDFDC4}.Release|x64.ActiveCfg = Release|Any CPU
		{ED8128FF-8AF9-4557-8C4B-94EF5EEDFDC4}.Release|x64.Build.0 = Release|Any CPU
		{ED8128FF-8AF9-4557-8C4B-94EF5EEDFDC4}.Release|x86.ActiveCfg = Release|Any CPU
		{ED8128FF-8AF9-4557-8C4B-94EF5EEDFDC4}.Release|x86.Build.0 = Release|Any CPU
		{EF662DDD-FB2D-4AD0-8441-DDFAD2D2FD16}.Ad-Hoc|Any CPU.ActiveCfg = Release|Any CPU
		{EF662DDD-FB2D-4AD0-8441-DDFAD2D2FD16}.Ad-Hoc|Any CPU.Build.0 = Release|Any CPU
		{EF662DDD-FB2D-4AD0-8441-DDFAD2D2FD16}.Ad-Hoc|Any CPU.Deploy.0 = Release|Any CPU
		{EF662DDD-FB2D-4AD0-8441-DDFAD2D2FD16}.Ad-Hoc|ARM.ActiveCfg = Release|Any CPU
		{EF662DDD-FB2D-4AD0-8441-DDFAD2D2FD16}.Ad-Hoc|ARM.Build.0 = Release|Any CPU
		{EF662DDD-FB2D-4AD0-8441-DDFAD2D2FD16}.Ad-Hoc|ARM.Deploy.0 = Release|Any CPU
		{EF662DDD-FB2D-4AD0-8441-DDFAD2D2FD16}.Ad-Hoc|iPhone.ActiveCfg = Release|Any CPU
		{EF662DDD-FB2D-4AD0-8441-DDFAD2D2FD16}.Ad-Hoc|iPhone.Build.0 = Release|Any CPU
		{EF662DDD-FB2D-4AD0-8441-DDFAD2D2FD16}.Ad-Hoc|iPhone.Deploy.0 = Release|Any CPU
		{EF662DDD-FB2D-4AD0-8441-DDFAD2D2FD16}.Ad-Hoc|iPhoneSimulator.ActiveCfg = Release|Any CPU
		{EF662DDD-FB2D-4AD0-8441-DDFAD2D2FD16}.Ad-Hoc|iPhoneSimulator.Build.0 = Release|Any CPU
		{EF662DDD-FB2D-4AD0-8441-DDFAD2D2FD16}.Ad-Hoc|iPhoneSimulator.Deploy.0 = Release|Any CPU
		{EF662DDD-FB2D-4AD0-8441-DDFAD2D2FD16}.Ad-Hoc|x64.ActiveCfg = Release|Any CPU
		{EF662DDD-FB2D-4AD0-8441-DDFAD2D2FD16}.Ad-Hoc|x64.Build.0 = Release|Any CPU
		{EF662DDD-FB2D-4AD0-8441-DDFAD2D2FD16}.Ad-Hoc|x64.Deploy.0 = Release|Any CPU
		{EF662DDD-FB2D-4AD0-8441-DDFAD2D2FD16}.Ad-Hoc|x86.ActiveCfg = Release|Any CPU
		{EF662DDD-FB2D-4AD0-8441-DDFAD2D2FD16}.Ad-Hoc|x86.Build.0 = Release|Any CPU
		{EF662DDD-FB2D-4AD0-8441-DDFAD2D2FD16}.Ad-Hoc|x86.Deploy.0 = Release|Any CPU
		{EF662DDD-FB2D-4AD0-8441-DDFAD2D2FD16}.AppStore|Any CPU.ActiveCfg = Release|Any CPU
		{EF662DDD-FB2D-4AD0-8441-DDFAD2D2FD16}.AppStore|Any CPU.Build.0 = Release|Any CPU
		{EF662DDD-FB2D-4AD0-8441-DDFAD2D2FD16}.AppStore|Any CPU.Deploy.0 = Release|Any CPU
		{EF662DDD-FB2D-4AD0-8441-DDFAD2D2FD16}.AppStore|ARM.ActiveCfg = Release|Any CPU
		{EF662DDD-FB2D-4AD0-8441-DDFAD2D2FD16}.AppStore|ARM.Build.0 = Release|Any CPU
		{EF662DDD-FB2D-4AD0-8441-DDFAD2D2FD16}.AppStore|ARM.Deploy.0 = Release|Any CPU
		{EF662DDD-FB2D-4AD0-8441-DDFAD2D2FD16}.AppStore|iPhone.ActiveCfg = Release|Any CPU
		{EF662DDD-FB2D-4AD0-8441-DDFAD2D2FD16}.AppStore|iPhone.Build.0 = Release|Any CPU
		{EF662DDD-FB2D-4AD0-8441-DDFAD2D2FD16}.AppStore|iPhone.Deploy.0 = Release|Any CPU
		{EF662DDD-FB2D-4AD0-8441-DDFAD2D2FD16}.AppStore|iPhoneSimulator.ActiveCfg = Release|Any CPU
		{EF662DDD-FB2D-4AD0-8441-DDFAD2D2FD16}.AppStore|iPhoneSimulator.Build.0 = Release|Any CPU
		{EF662DDD-FB2D-4AD0-8441-DDFAD2D2FD16}.AppStore|iPhoneSimulator.Deploy.0 = Release|Any CPU
		{EF662DDD-FB2D-4AD0-8441-DDFAD2D2FD16}.AppStore|x64.ActiveCfg = Release|Any CPU
		{EF662DDD-FB2D-4AD0-8441-DDFAD2D2FD16}.AppStore|x64.Build.0 = Release|Any CPU
		{EF662DDD-FB2D-4AD0-8441-DDFAD2D2FD16}.AppStore|x64.Deploy.0 = Release|Any CPU
		{EF662DDD-FB2D-4AD0-8441-DDFAD2D2FD16}.AppStore|x86.ActiveCfg = Release|Any CPU
		{EF662DDD-FB2D-4AD0-8441-DDFAD2D2FD16}.AppStore|x86.Build.0 = Release|Any CPU
		{EF662DDD-FB2D-4AD0-8441-DDFAD2D2FD16}.AppStore|x86.Deploy.0 = Release|Any CPU
		{EF662DDD-FB2D-4AD0-8441-DDFAD2D2FD16}.Debug|Any CPU.ActiveCfg = Debug|Any CPU
		{EF662DDD-FB2D-4AD0-8441-DDFAD2D2FD16}.Debug|Any CPU.Build.0 = Debug|Any CPU
		{EF662DDD-FB2D-4AD0-8441-DDFAD2D2FD16}.Debug|Any CPU.Deploy.0 = Debug|Any CPU
		{EF662DDD-FB2D-4AD0-8441-DDFAD2D2FD16}.Debug|ARM.ActiveCfg = Debug|Any CPU
		{EF662DDD-FB2D-4AD0-8441-DDFAD2D2FD16}.Debug|ARM.Build.0 = Debug|Any CPU
		{EF662DDD-FB2D-4AD0-8441-DDFAD2D2FD16}.Debug|ARM.Deploy.0 = Debug|Any CPU
		{EF662DDD-FB2D-4AD0-8441-DDFAD2D2FD16}.Debug|iPhone.ActiveCfg = Debug|Any CPU
		{EF662DDD-FB2D-4AD0-8441-DDFAD2D2FD16}.Debug|iPhone.Build.0 = Debug|Any CPU
		{EF662DDD-FB2D-4AD0-8441-DDFAD2D2FD16}.Debug|iPhone.Deploy.0 = Debug|Any CPU
		{EF662DDD-FB2D-4AD0-8441-DDFAD2D2FD16}.Debug|iPhoneSimulator.ActiveCfg = Debug|Any CPU
		{EF662DDD-FB2D-4AD0-8441-DDFAD2D2FD16}.Debug|iPhoneSimulator.Build.0 = Debug|Any CPU
		{EF662DDD-FB2D-4AD0-8441-DDFAD2D2FD16}.Debug|iPhoneSimulator.Deploy.0 = Debug|Any CPU
		{EF662DDD-FB2D-4AD0-8441-DDFAD2D2FD16}.Debug|x64.ActiveCfg = Debug|Any CPU
		{EF662DDD-FB2D-4AD0-8441-DDFAD2D2FD16}.Debug|x64.Build.0 = Debug|Any CPU
		{EF662DDD-FB2D-4AD0-8441-DDFAD2D2FD16}.Debug|x64.Deploy.0 = Debug|Any CPU
		{EF662DDD-FB2D-4AD0-8441-DDFAD2D2FD16}.Debug|x86.ActiveCfg = Debug|Any CPU
		{EF662DDD-FB2D-4AD0-8441-DDFAD2D2FD16}.Debug|x86.Build.0 = Debug|Any CPU
		{EF662DDD-FB2D-4AD0-8441-DDFAD2D2FD16}.Debug|x86.Deploy.0 = Debug|Any CPU
		{EF662DDD-FB2D-4AD0-8441-DDFAD2D2FD16}.Release|Any CPU.ActiveCfg = Release|Any CPU
		{EF662DDD-FB2D-4AD0-8441-DDFAD2D2FD16}.Release|Any CPU.Build.0 = Release|Any CPU
		{EF662DDD-FB2D-4AD0-8441-DDFAD2D2FD16}.Release|Any CPU.Deploy.0 = Release|Any CPU
		{EF662DDD-FB2D-4AD0-8441-DDFAD2D2FD16}.Release|ARM.ActiveCfg = Release|Any CPU
		{EF662DDD-FB2D-4AD0-8441-DDFAD2D2FD16}.Release|ARM.Build.0 = Release|Any CPU
		{EF662DDD-FB2D-4AD0-8441-DDFAD2D2FD16}.Release|ARM.Deploy.0 = Release|Any CPU
		{EF662DDD-FB2D-4AD0-8441-DDFAD2D2FD16}.Release|iPhone.ActiveCfg = Release|Any CPU
		{EF662DDD-FB2D-4AD0-8441-DDFAD2D2FD16}.Release|iPhone.Build.0 = Release|Any CPU
		{EF662DDD-FB2D-4AD0-8441-DDFAD2D2FD16}.Release|iPhone.Deploy.0 = Release|Any CPU
		{EF662DDD-FB2D-4AD0-8441-DDFAD2D2FD16}.Release|iPhoneSimulator.ActiveCfg = Release|Any CPU
		{EF662DDD-FB2D-4AD0-8441-DDFAD2D2FD16}.Release|iPhoneSimulator.Build.0 = Release|Any CPU
		{EF662DDD-FB2D-4AD0-8441-DDFAD2D2FD16}.Release|iPhoneSimulator.Deploy.0 = Release|Any CPU
		{EF662DDD-FB2D-4AD0-8441-DDFAD2D2FD16}.Release|x64.ActiveCfg = Release|Any CPU
		{EF662DDD-FB2D-4AD0-8441-DDFAD2D2FD16}.Release|x64.Build.0 = Release|Any CPU
		{EF662DDD-FB2D-4AD0-8441-DDFAD2D2FD16}.Release|x64.Deploy.0 = Release|Any CPU
		{EF662DDD-FB2D-4AD0-8441-DDFAD2D2FD16}.Release|x86.ActiveCfg = Release|Any CPU
		{EF662DDD-FB2D-4AD0-8441-DDFAD2D2FD16}.Release|x86.Build.0 = Release|Any CPU
		{EF662DDD-FB2D-4AD0-8441-DDFAD2D2FD16}.Release|x86.Deploy.0 = Release|Any CPU
		{CC4C0E9A-2E10-4B80-834F-FAEF4BD38B70}.Ad-Hoc|Any CPU.ActiveCfg = Release|x86
		{CC4C0E9A-2E10-4B80-834F-FAEF4BD38B70}.Ad-Hoc|Any CPU.Build.0 = Release|x86
		{CC4C0E9A-2E10-4B80-834F-FAEF4BD38B70}.Ad-Hoc|Any CPU.Deploy.0 = Release|x86
		{CC4C0E9A-2E10-4B80-834F-FAEF4BD38B70}.Ad-Hoc|ARM.ActiveCfg = Release|ARM
		{CC4C0E9A-2E10-4B80-834F-FAEF4BD38B70}.Ad-Hoc|ARM.Build.0 = Release|ARM
		{CC4C0E9A-2E10-4B80-834F-FAEF4BD38B70}.Ad-Hoc|ARM.Deploy.0 = Release|ARM
		{CC4C0E9A-2E10-4B80-834F-FAEF4BD38B70}.Ad-Hoc|iPhone.ActiveCfg = Release|x86
		{CC4C0E9A-2E10-4B80-834F-FAEF4BD38B70}.Ad-Hoc|iPhone.Build.0 = Release|x86
		{CC4C0E9A-2E10-4B80-834F-FAEF4BD38B70}.Ad-Hoc|iPhone.Deploy.0 = Release|x86
		{CC4C0E9A-2E10-4B80-834F-FAEF4BD38B70}.Ad-Hoc|iPhoneSimulator.ActiveCfg = Release|x86
		{CC4C0E9A-2E10-4B80-834F-FAEF4BD38B70}.Ad-Hoc|iPhoneSimulator.Build.0 = Release|x86
		{CC4C0E9A-2E10-4B80-834F-FAEF4BD38B70}.Ad-Hoc|iPhoneSimulator.Deploy.0 = Release|x86
		{CC4C0E9A-2E10-4B80-834F-FAEF4BD38B70}.Ad-Hoc|x64.ActiveCfg = Release|x64
		{CC4C0E9A-2E10-4B80-834F-FAEF4BD38B70}.Ad-Hoc|x64.Build.0 = Release|x64
		{CC4C0E9A-2E10-4B80-834F-FAEF4BD38B70}.Ad-Hoc|x64.Deploy.0 = Release|x64
		{CC4C0E9A-2E10-4B80-834F-FAEF4BD38B70}.Ad-Hoc|x86.ActiveCfg = Release|x86
		{CC4C0E9A-2E10-4B80-834F-FAEF4BD38B70}.Ad-Hoc|x86.Build.0 = Release|x86
		{CC4C0E9A-2E10-4B80-834F-FAEF4BD38B70}.Ad-Hoc|x86.Deploy.0 = Release|x86
		{CC4C0E9A-2E10-4B80-834F-FAEF4BD38B70}.AppStore|Any CPU.ActiveCfg = Release|x86
		{CC4C0E9A-2E10-4B80-834F-FAEF4BD38B70}.AppStore|Any CPU.Build.0 = Release|x86
		{CC4C0E9A-2E10-4B80-834F-FAEF4BD38B70}.AppStore|Any CPU.Deploy.0 = Release|x86
		{CC4C0E9A-2E10-4B80-834F-FAEF4BD38B70}.AppStore|ARM.ActiveCfg = Release|ARM
		{CC4C0E9A-2E10-4B80-834F-FAEF4BD38B70}.AppStore|ARM.Build.0 = Release|ARM
		{CC4C0E9A-2E10-4B80-834F-FAEF4BD38B70}.AppStore|ARM.Deploy.0 = Release|ARM
		{CC4C0E9A-2E10-4B80-834F-FAEF4BD38B70}.AppStore|iPhone.ActiveCfg = Release|x86
		{CC4C0E9A-2E10-4B80-834F-FAEF4BD38B70}.AppStore|iPhone.Build.0 = Release|x86
		{CC4C0E9A-2E10-4B80-834F-FAEF4BD38B70}.AppStore|iPhone.Deploy.0 = Release|x86
		{CC4C0E9A-2E10-4B80-834F-FAEF4BD38B70}.AppStore|iPhoneSimulator.ActiveCfg = Release|x86
		{CC4C0E9A-2E10-4B80-834F-FAEF4BD38B70}.AppStore|iPhoneSimulator.Build.0 = Release|x86
		{CC4C0E9A-2E10-4B80-834F-FAEF4BD38B70}.AppStore|iPhoneSimulator.Deploy.0 = Release|x86
		{CC4C0E9A-2E10-4B80-834F-FAEF4BD38B70}.AppStore|x64.ActiveCfg = Release|x64
		{CC4C0E9A-2E10-4B80-834F-FAEF4BD38B70}.AppStore|x64.Build.0 = Release|x64
		{CC4C0E9A-2E10-4B80-834F-FAEF4BD38B70}.AppStore|x64.Deploy.0 = Release|x64
		{CC4C0E9A-2E10-4B80-834F-FAEF4BD38B70}.AppStore|x86.ActiveCfg = Release|x86
		{CC4C0E9A-2E10-4B80-834F-FAEF4BD38B70}.AppStore|x86.Build.0 = Release|x86
		{CC4C0E9A-2E10-4B80-834F-FAEF4BD38B70}.AppStore|x86.Deploy.0 = Release|x86
		{CC4C0E9A-2E10-4B80-834F-FAEF4BD38B70}.Debug|Any CPU.ActiveCfg = Debug|x86
		{CC4C0E9A-2E10-4B80-834F-FAEF4BD38B70}.Debug|ARM.ActiveCfg = Debug|ARM
		{CC4C0E9A-2E10-4B80-834F-FAEF4BD38B70}.Debug|ARM.Build.0 = Debug|ARM
		{CC4C0E9A-2E10-4B80-834F-FAEF4BD38B70}.Debug|ARM.Deploy.0 = Debug|ARM
		{CC4C0E9A-2E10-4B80-834F-FAEF4BD38B70}.Debug|iPhone.ActiveCfg = Debug|x86
		{CC4C0E9A-2E10-4B80-834F-FAEF4BD38B70}.Debug|iPhoneSimulator.ActiveCfg = Debug|x86
		{CC4C0E9A-2E10-4B80-834F-FAEF4BD38B70}.Debug|x64.ActiveCfg = Debug|x64
		{CC4C0E9A-2E10-4B80-834F-FAEF4BD38B70}.Debug|x64.Build.0 = Debug|x64
		{CC4C0E9A-2E10-4B80-834F-FAEF4BD38B70}.Debug|x64.Deploy.0 = Debug|x64
		{CC4C0E9A-2E10-4B80-834F-FAEF4BD38B70}.Debug|x86.ActiveCfg = Debug|x86
		{CC4C0E9A-2E10-4B80-834F-FAEF4BD38B70}.Debug|x86.Build.0 = Debug|x86
		{CC4C0E9A-2E10-4B80-834F-FAEF4BD38B70}.Debug|x86.Deploy.0 = Debug|x86
		{CC4C0E9A-2E10-4B80-834F-FAEF4BD38B70}.Release|Any CPU.ActiveCfg = Release|x86
		{CC4C0E9A-2E10-4B80-834F-FAEF4BD38B70}.Release|ARM.ActiveCfg = Release|ARM
		{CC4C0E9A-2E10-4B80-834F-FAEF4BD38B70}.Release|ARM.Build.0 = Release|ARM
		{CC4C0E9A-2E10-4B80-834F-FAEF4BD38B70}.Release|ARM.Deploy.0 = Release|ARM
		{CC4C0E9A-2E10-4B80-834F-FAEF4BD38B70}.Release|iPhone.ActiveCfg = Release|x86
		{CC4C0E9A-2E10-4B80-834F-FAEF4BD38B70}.Release|iPhoneSimulator.ActiveCfg = Release|x86
		{CC4C0E9A-2E10-4B80-834F-FAEF4BD38B70}.Release|x64.ActiveCfg = Release|x64
		{CC4C0E9A-2E10-4B80-834F-FAEF4BD38B70}.Release|x64.Build.0 = Release|x64
		{CC4C0E9A-2E10-4B80-834F-FAEF4BD38B70}.Release|x64.Deploy.0 = Release|x64
		{CC4C0E9A-2E10-4B80-834F-FAEF4BD38B70}.Release|x86.ActiveCfg = Release|x86
		{CC4C0E9A-2E10-4B80-834F-FAEF4BD38B70}.Release|x86.Build.0 = Release|x86
		{CC4C0E9A-2E10-4B80-834F-FAEF4BD38B70}.Release|x86.Deploy.0 = Release|x86
	EndGlobalSection
	GlobalSection(SolutionProperties) = preSolution
		HideSolutionNode = FALSE
	EndGlobalSection
	GlobalSection(ExtensibilityGlobals) = postSolution
		SolutionGuid = {F6D05029-56B8-4E45-AF2D-0E76295DDBA2}
	EndGlobalSection
EndGlobal
